#MicroXplorer Configuration settings - do not modify
Appli.IPs=CORTEX_M7_APPLI\:I,GPDMA1\:I,HPDMA1\:I,LINKEDLIST\:I,RCC\:I,GPIO,NVIC2\:I,LTDC,DMA2D,I2C1,FLASH,TIM3,TIM4,TIM12,UART7,SDMMC1,FATFS,USB_OTG_FS,TIM2,SYS\:I,GPU2D
Appli.Pins=PM6,PB8,PM5,PB9,PM13,PG12,PF6,PA4,PF15,PP2,PP3,PP0,PF14,PP5,PP1,PP4,PP6
Boot.IPs=CORTEX_M7_BOOT\:I,GPDMA1,HPDMA1,LINKEDLIST,RCC,GPIO,NVIC1\:I,MEMORYMAP\:I
CAD.formats=
CAD.pinconfig=
CAD.provider=
CORTEX_M7_APPLI.CPU_DCache=Enabled
CORTEX_M7_APPLI.CPU_ICache=Enabled
CORTEX_M7_APPLI.Enable_Spec=__NULL
CORTEX_M7_APPLI.IPParameters=default_mode_Activation,Enable_Spec,MPU_Control,CPU_ICache,CPU_DCache
CORTEX_M7_APPLI.MPU_Control=__NULL
CORTEX_M7_APPLI.default_mode_Activation=1
CORTEX_M7_BOOT.IPParameters=default_mode_Activation
CORTEX_M7_BOOT.default_mode_Activation=0
DMA2D.ChromaSubSamplingForeground=DMA2D_NO_CSS
DMA2D.ColorMode=DMA2D_OUTPUT_RGB565
DMA2D.IPParameters=ColorMode,Mode,ChromaSubSamplingForeground
DMA2D.Mode=DMA2D_M2M
ExtMemLoader.IPs=EXTMEM_LOADER\:I,EXTMEM_MANAGER\:I,GPIO
File.Version=6
GPDMA1.CIRCULARMODE_GPDMACH0=ENABLE
GPDMA1.DESTDATAWIDTH_GPDMACH0=DMA_DEST_DATAWIDTH_HALFWORD
GPDMA1.DIRECTION_GPDMACH0=DMA_MEMORY_TO_PERIPH
GPDMA1.IPHANDLE_GPDMACH0-SIMPLEREQUEST_GPDMACH0=__NULL
GPDMA1.IPParameters=CIRCULARMODE_GPDMACH0,IPHANDLE_GPDMACH0-SIMPLEREQUEST_GPDMACH0,REQUEST_GPDMACH0,PRIORITY_LL_CIRCULAR_GPDMACH0,DIRECTION_GPDMACH0,SRCINC_GPDMACH0,DESTDATAWIDTH_GPDMACH0
GPDMA1.PRIORITY_LL_CIRCULAR_GPDMACH0=DMA_LOW_PRIORITY_HIGH_WEIGHT
GPDMA1.REQUEST_GPDMACH0=GPDMA1_REQUEST_TIM3_CH4
GPDMA1.SRCINC_GPDMACH0=DMA_SINC_INCREMENTED
GPIO.groupedBy=Group By Peripherals
I2C1.IPParameters=Timing
I2C1.Timing=0x20C0EDFF
KeepUserPlacement=false
LTDC.ActiveH=LCD_H
LTDC.ActiveW=LCD_W
LTDC.Alpha_L0=255
LTDC.Alpha_L1=255
LTDC.Blue_L0=0
LTDC.DEPolarity=LTDC_DEPOLARITY_AL
LTDC.FBStartAdress_L0=0xC0000000
LTDC.HBP=140
LTDC.HFP=160
LTDC.HSync=20
LTDC.IPParameters=HSync,HBP,ActiveW,HFP,VSync,VBP,VFP,WindowX1_L0,WindowY1_L0,WindowX0_L1,WindowX1_L1,WindowY0_L1,WindowY1_L1,PixelFormat_L0,Alpha_L0,Alpha_L1,Blue_L0,Red_L1,FBStartAdress_L0,ImageWidth_L0,ImageHeight_L0,Layers,DEPolarity,ActiveH
LTDC.ImageHeight_L0=LCD_H
LTDC.ImageWidth_L0=LCD_W
LTDC.Layers=0
LTDC.PixelFormat_L0=LTDC_PIXEL_FORMAT_RGB565
LTDC.Red_L1=0
LTDC.VBP=20
LTDC.VFP=12
LTDC.VSync=3
LTDC.WindowX0_L1=200
LTDC.WindowX1_L0=LCD_W
LTDC.WindowX1_L1=600
LTDC.WindowY0_L1=200
LTDC.WindowY1_L0=LCD_H
LTDC.WindowY1_L1=600
MMTAppReg1.MEMORYMAP.AppRegionName=DTCM
MMTAppReg1.MEMORYMAP.ContextName=Boot
MMTAppReg1.MEMORYMAP.CoreName=ARM Cortex-M7
MMTAppReg1.MEMORYMAP.DefaultDataRegion=true
MMTAppReg1.MEMORYMAP.IPParameters=StartAddress,Size,CoreName,DefaultDataRegion,ContextName,Name
MMTAppReg1.MEMORYMAP.Name=DTCM
MMTAppReg1.MEMORYMAP.Size=65536
MMTAppReg1.MEMORYMAP.StartAddress=0x20000000
MMTAppReg2.MEMORYMAP.AppRegionName=RAM
MMTAppReg2.MEMORYMAP.ContextName=Boot
MMTAppReg2.MEMORYMAP.CoreName=ARM Cortex-M7
MMTAppReg2.MEMORYMAP.DefaultDataRegion=true
MMTAppReg2.MEMORYMAP.IPParameters=StartAddress,Size,CoreName,DefaultDataRegion,ContextName,Name
MMTAppReg2.MEMORYMAP.Name=RAM
MMTAppReg2.MEMORYMAP.Size=465920
MMTAppReg2.MEMORYMAP.StartAddress=0x24000000
MMTAppReg3.MEMORYMAP.AppRegionName=ITCM
MMTAppReg3.MEMORYMAP.Cacheability=WTRA
MMTAppReg3.MEMORYMAP.ContextName=Boot
MMTAppReg3.MEMORYMAP.CoreName=ARM Cortex-M7
MMTAppReg3.MEMORYMAP.DefaultDataRegion=false
MMTAppReg3.MEMORYMAP.IPParameters=StartAddress,Size,CoreName,DefaultDataRegion,ContextName,Name,Cacheability
MMTAppReg3.MEMORYMAP.Name=ITCM
MMTAppReg3.MEMORYMAP.Size=65536
MMTAppReg3.MEMORYMAP.StartAddress=0x00000000
MMTAppReg4.MEMORYMAP.AP=RO_priv_only
MMTAppReg4.MEMORYMAP.AppRegionName=FLASH
MMTAppReg4.MEMORYMAP.Cacheability=WTRA
MMTAppReg4.MEMORYMAP.ContextName=Boot
MMTAppReg4.MEMORYMAP.CoreName=ARM Cortex-M7
MMTAppReg4.MEMORYMAP.DefaultCodeRegion=true
MMTAppReg4.MEMORYMAP.DefaultDataRegion=false
MMTAppReg4.MEMORYMAP.IPParameters=StartAddress,Size,CoreName,DefaultDataRegion,MemType,ContextName,Name,AP,Cacheability,DefaultCodeRegion
MMTAppReg4.MEMORYMAP.MemType=ROM
MMTAppReg4.MEMORYMAP.Name=FLASH
MMTAppReg4.MEMORYMAP.Size=65536
MMTAppReg4.MEMORYMAP.StartAddress=0x08000000
MMTAppReg5.MEMORYMAP.AppRegionName=DTCM
MMTAppReg5.MEMORYMAP.ContextName=Appli
MMTAppReg5.MEMORYMAP.CoreName=ARM Cortex-M7
MMTAppReg5.MEMORYMAP.DefaultDataRegion=true
MMTAppReg5.MEMORYMAP.IPParameters=StartAddress,Size,CoreName,DefaultDataRegion,ContextName,Name
MMTAppReg5.MEMORYMAP.Name=DTCM
MMTAppReg5.MEMORYMAP.Size=65536
MMTAppReg5.MEMORYMAP.StartAddress=0x20000000
MMTAppReg6.MEMORYMAP.AppRegionName=RAM
MMTAppReg6.MEMORYMAP.ContextName=Appli
MMTAppReg6.MEMORYMAP.CoreName=ARM Cortex-M7
MMTAppReg6.MEMORYMAP.DefaultDataRegion=true
MMTAppReg6.MEMORYMAP.IPParameters=StartAddress,Size,CoreName,DefaultDataRegion,ContextName,Name
MMTAppReg6.MEMORYMAP.Name=RAM
MMTAppReg6.MEMORYMAP.Size=465920
MMTAppReg6.MEMORYMAP.StartAddress=0x24000000
MMTAppReg7.MEMORYMAP.AppRegionName=ITCM
MMTAppReg7.MEMORYMAP.Cacheability=WTRA
MMTAppReg7.MEMORYMAP.ContextName=Appli
MMTAppReg7.MEMORYMAP.CoreName=ARM Cortex-M7
MMTAppReg7.MEMORYMAP.DefaultDataRegion=false
MMTAppReg7.MEMORYMAP.IPParameters=StartAddress,Size,CoreName,DefaultDataRegion,ContextName,Name,Cacheability
MMTAppReg7.MEMORYMAP.Name=ITCM
MMTAppReg7.MEMORYMAP.Size=65536
MMTAppReg7.MEMORYMAP.StartAddress=0x00000000
MMTAppReg8.MEMORYMAP.AP=RO_priv_only
MMTAppReg8.MEMORYMAP.AppRegionName=FLASH
MMTAppReg8.MEMORYMAP.Cacheability=WTRA
MMTAppReg8.MEMORYMAP.ContextName=Appli
MMTAppReg8.MEMORYMAP.CoreName=ARM Cortex-M7
MMTAppReg8.MEMORYMAP.DefaultCodeRegion=true
MMTAppReg8.MEMORYMAP.DefaultDataRegion=false
MMTAppReg8.MEMORYMAP.IPParameters=StartAddress,Size,CoreName,DefaultDataRegion,MemType,ContextName,Name,AP,Cacheability,DefaultCodeRegion
MMTAppReg8.MEMORYMAP.MemType=ROM
MMTAppReg8.MEMORYMAP.Name=FLASH
MMTAppReg8.MEMORYMAP.Size=65536
MMTAppReg8.MEMORYMAP.StartAddress=0x08000000
MMTAppRegionsCount=8
MMTConfigApplied=false
Mcu.CPN=STM32H7R7L8H6
Mcu.Context0=Boot
Mcu.Context1=Appli
Mcu.Context2=ExtMemLoader
Mcu.ContextNb=3
Mcu.Family=STM32H7
Mcu.IP0=CORTEX_M7_APPLI
Mcu.IP1=CORTEX_M7_BOOT
Mcu.IP10=NVIC1
Mcu.IP11=RCC
Mcu.IP12=SDMMC1
Mcu.IP13=SYS
Mcu.IP14=TIM2
Mcu.IP15=TIM3
Mcu.IP16=TIM4
Mcu.IP17=TIM12
Mcu.IP18=UART7
Mcu.IP19=USB_OTG_FS
Mcu.IP2=DMA2D
Mcu.IP3=FATFS
Mcu.IP4=FLASH
Mcu.IP5=GPDMA1
Mcu.IP6=I2C1
Mcu.IP7=LTDC
Mcu.IP8=MEMORYMAP
Mcu.IP9=NVIC2
Mcu.IPNb=20
Mcu.Name=STM32H7R7L8Hx
Mcu.Package=TFBGA225 OCTO SMPS
Mcu.Pin0=PM12
Mcu.Pin1=PM6
Mcu.Pin10=PB9
Mcu.Pin11=PB3(JTDO/TRACESWO)
Mcu.Pin12=PG2
Mcu.Pin13=PM13
Mcu.Pin14=PM8
Mcu.Pin15=PA11
Mcu.Pin16=PB7
Mcu.Pin17=PB4(NJTRST)
Mcu.Pin18=PC12
Mcu.Pin19=PA9
Mcu.Pin2=PD2
Mcu.Pin20=PC8
Mcu.Pin21=PB6
Mcu.Pin22=PG1
Mcu.Pin23=PA10
Mcu.Pin24=PC9
Mcu.Pin25=PG12
Mcu.Pin26=PA8
Mcu.Pin27=PA15(JTDI)
Mcu.Pin28=PF6
Mcu.Pin29=PH0-OSC_IN(PH0)
Mcu.Pin3=PB8
Mcu.Pin30=PH1-OSC_OUT(PH1)
Mcu.Pin31=PB12
Mcu.Pin32=PA0
Mcu.Pin33=PA1
Mcu.Pin34=PA4
Mcu.Pin35=PB14
Mcu.Pin36=PB15
Mcu.Pin37=PA5
Mcu.Pin38=PF15
Mcu.Pin39=PP2
Mcu.Pin4=PM11
Mcu.Pin40=PP3
Mcu.Pin41=PP0
Mcu.Pin42=PB11
Mcu.Pin43=PB13
Mcu.Pin44=PA6
Mcu.Pin45=PB0
Mcu.Pin46=PF14
Mcu.Pin47=PP5
Mcu.Pin48=PP1
Mcu.Pin49=PD13
Mcu.Pin5=PM9
Mcu.Pin50=PB10
Mcu.Pin51=PB1
Mcu.Pin52=PP4
Mcu.Pin53=PP6
Mcu.Pin54=VP_DMA2D_VS_DMA2D
Mcu.Pin55=VP_FATFS_VS_SDIO
Mcu.Pin56=VP_FLASH_SIG_Activate_FlashIP
Mcu.Pin57=VP_GPDMA1_VS_GPDMACH0
Mcu.Pin58=VP_SYS_VS_tim1
Mcu.Pin59=VP_TIM2_VS_ClockSourceINT
Mcu.Pin6=PM5
Mcu.Pin60=VP_TIM3_VS_ClockSourceINT
Mcu.Pin61=VP_TIM4_VS_ClockSourceINT
Mcu.Pin62=VP_TIM12_VS_ClockSourceINT
Mcu.Pin63=VP_MEMORYMAP_VS_MEMORYMAP
Mcu.Pin7=PG0
Mcu.Pin8=PC10
Mcu.Pin9=PC11
Mcu.PinsNb=64
Mcu.ThirdPartyNb=0
Mcu.UserConstants=LCD_H-Appli,480;LCD_W-Appli,480
Mcu.UserName=STM32H7R7L8Hx
MxCube.Version=6.12.1
MxDb.Version=DB.6.0.121
NVIC1.BusFault_IRQn=true\:0\:0\:false\:false\:true\:false\:false\:false
NVIC1.DebugMonitor_IRQn=true\:0\:0\:false\:false\:true\:false\:false\:false
NVIC1.ForceEnableDMAVector=true
NVIC1.HardFault_IRQn=true\:0\:0\:false\:false\:true\:false\:false\:false
NVIC1.MemoryManagement_IRQn=true\:0\:0\:false\:false\:true\:false\:false\:false
NVIC1.NonMaskableInt_IRQn=true\:0\:0\:false\:false\:true\:false\:false\:false
NVIC1.PendSV_IRQn=true\:0\:0\:false\:false\:true\:false\:false\:false
NVIC1.PriorityGroup=NVIC_PRIORITYGROUP_4
NVIC1.SVCall_IRQn=true\:0\:0\:false\:false\:true\:false\:false\:false
NVIC1.SysTick_IRQn=true\:15\:0\:false\:false\:true\:false\:true\:false
NVIC1.UsageFault_IRQn=true\:0\:0\:false\:false\:true\:false\:false\:false
NVIC2.BusFault_IRQn=true\:0\:0\:false\:false\:true\:false\:false\:false
NVIC2.DMA2D_IRQn=true\:5\:0\:true\:false\:true\:true\:true\:true
NVIC2.DebugMonitor_IRQn=true\:0\:0\:false\:false\:true\:false\:false\:false
NVIC2.EXTI0_IRQn=true\:5\:0\:true\:false\:true\:true\:true\:true
NVIC2.EXTI1_IRQn=true\:5\:0\:true\:false\:true\:true\:true\:true
NVIC2.EXTI2_IRQn=true\:5\:0\:true\:false\:true\:true\:true\:true
NVIC2.EXTI4_IRQn=true\:5\:0\:true\:false\:true\:true\:true\:true
NVIC2.EXTI5_IRQn=true\:5\:0\:true\:false\:true\:true\:true\:true
NVIC2.ForceEnableDMAVector=true
NVIC2.GPDMA1_Channel0_IRQn=true\:0\:0\:true\:false\:true\:false\:true\:true
NVIC2.HardFault_IRQn=true\:0\:0\:false\:false\:true\:false\:false\:false
NVIC2.LTDC_IRQn=true\:5\:0\:true\:false\:true\:true\:true\:true
NVIC2.MemoryManagement_IRQn=true\:0\:0\:false\:false\:true\:false\:false\:false
NVIC2.NonMaskableInt_IRQn=true\:0\:0\:false\:false\:true\:false\:false\:false
NVIC2.OTG_FS_IRQn=true\:5\:0\:true\:false\:true\:true\:true\:true
NVIC2.PendSV_IRQn=true\:0\:0\:false\:false\:true\:false\:false\:false
NVIC2.PriorityGroup=NVIC_PRIORITYGROUP_4
NVIC2.SDMMC1_IRQn=true\:5\:0\:true\:false\:true\:true\:true\:true
NVIC2.SVCall_IRQn=true\:0\:0\:false\:false\:true\:false\:false\:false
NVIC2.SysTick_IRQn=true\:15\:0\:false\:false\:true\:false\:true\:false
NVIC2.TIM1_UP_IRQn=true\:15\:0\:false\:false\:true\:false\:true\:true
NVIC2.TIM2_IRQn=true\:5\:0\:true\:false\:true\:true\:true\:true
NVIC2.TimeBase=TIM1_UP_IRQn
NVIC2.TimeBaseIP=TIM1
NVIC2.UsageFault_IRQn=true\:0\:0\:false\:false\:true\:false\:false\:false
PA0.GPIOParameters=GPIO_Speed,PinAttribute
PA0.GPIO_Speed=GPIO_SPEED_FREQ_VERY_HIGH
PA0.Mode=RGB565
PA0.PinAttribute=Appli
PA0.Signal=LTDC_G3
PA1.GPIOParameters=GPIO_Speed,PinAttribute
PA1.GPIO_Speed=GPIO_SPEED_FREQ_VERY_HIGH
PA1.Mode=RGB565
PA1.PinAttribute=Appli
PA1.Signal=LTDC_G2
PA10.GPIOParameters=GPIO_Speed,PinAttribute
PA10.GPIO_Speed=GPIO_SPEED_FREQ_VERY_HIGH
PA10.Mode=RGB565
PA10.PinAttribute=Appli
PA10.Signal=LTDC_B4
PA11.GPIOParameters=GPIO_Speed,PinAttribute
PA11.GPIO_Speed=GPIO_SPEED_FREQ_VERY_HIGH
PA11.Mode=RGB565
PA11.PinAttribute=Appli
PA11.Signal=LTDC_B3
PA15(JTDI).GPIOParameters=GPIO_Speed,PinAttribute
PA15(JTDI).GPIO_Speed=GPIO_SPEED_FREQ_VERY_HIGH
PA15(JTDI).Mode=RGB565
PA15(JTDI).PinAttribute=Appli
PA15(JTDI).Signal=LTDC_R5
PA4.ContextOwner=Appli
PA4.GPIOParameters=GPIO_PuPd,GPIO_Label,GPIO_ModeDefaultEXTI,PinAttribute
PA4.GPIO_Label=IR_REC
PA4.GPIO_ModeDefaultEXTI=GPIO_MODE_IT_RISING_FALLING
PA4.GPIO_PuPd=GPIO_PULLUP
PA4.Locked=true
PA4.PinAttribute=Appli
PA4.Signal=GPXTI4
PA5.GPIOParameters=GPIO_Speed,PinAttribute
PA5.GPIO_Speed=GPIO_SPEED_FREQ_VERY_HIGH
PA5.Locked=true
PA5.Mode=RGB565
PA5.PinAttribute=Appli
PA5.Signal=LTDC_CLK
PA6.GPIOParameters=GPIO_Speed,PinAttribute
PA6.GPIO_Speed=GPIO_SPEED_FREQ_VERY_HIGH
PA6.Locked=true
PA6.Mode=RGB565
PA6.PinAttribute=Appli
PA6.Signal=LTDC_B7
PA8.GPIOParameters=GPIO_Speed,PinAttribute
PA8.GPIO_Speed=GPIO_SPEED_FREQ_VERY_HIGH
PA8.Mode=RGB565
PA8.PinAttribute=Appli
PA8.Signal=LTDC_B6
PA9.GPIOParameters=GPIO_Speed,PinAttribute
PA9.GPIO_Speed=GPIO_SPEED_FREQ_VERY_HIGH
PA9.Mode=RGB565
PA9.PinAttribute=Appli
PA9.Signal=LTDC_B5
PB0.GPIOParameters=GPIO_Speed,PinAttribute
PB0.GPIO_Speed=GPIO_SPEED_FREQ_VERY_HIGH
PB0.Mode=RGB565
PB0.PinAttribute=Appli
PB0.Signal=LTDC_VSYNC
PB1.GPIOParameters=GPIO_Label,PinAttribute
PB1.GPIO_Label=WS2812B_LED
PB1.Locked=true
PB1.PinAttribute=Appli
PB1.Signal=S_TIM3_CH4
PB10.GPIOParameters=GPIO_Speed,PinAttribute
PB10.GPIO_Speed=GPIO_SPEED_FREQ_VERY_HIGH
PB10.Locked=true
PB10.Mode=RGB565
PB10.PinAttribute=Appli
PB10.Signal=LTDC_G7
PB11.GPIOParameters=GPIO_Speed,PinAttribute
PB11.GPIO_Speed=GPIO_SPEED_FREQ_VERY_HIGH
PB11.Mode=RGB565
PB11.PinAttribute=Appli
PB11.Signal=LTDC_G6
PB12.GPIOParameters=GPIO_Speed,PinAttribute
PB12.GPIO_Speed=GPIO_SPEED_FREQ_VERY_HIGH
PB12.Mode=RGB565
PB12.PinAttribute=Appli
PB12.Signal=LTDC_G5
PB13.GPIOParameters=GPIO_Speed,PinAttribute
PB13.GPIO_Speed=GPIO_SPEED_FREQ_VERY_HIGH
PB13.Mode=RGB565
PB13.PinAttribute=Appli
PB13.Signal=LTDC_G4
PB14.GPIOParameters=GPIO_Speed,PinAttribute
PB14.GPIO_Speed=GPIO_SPEED_FREQ_VERY_HIGH
PB14.Mode=RGB565
PB14.PinAttribute=Appli
PB14.Signal=LTDC_DE
PB15.GPIOParameters=GPIO_Speed,PinAttribute
PB15.GPIO_Speed=GPIO_SPEED_FREQ_MEDIUM
PB15.Locked=true
PB15.PinAttribute=Appli
PB15.Signal=S_TIM12_CH2
PB3(JTDO/TRACESWO).GPIOParameters=GPIO_Speed,PinAttribute
PB3(JTDO/TRACESWO).GPIO_Speed=GPIO_SPEED_FREQ_VERY_HIGH
PB3(JTDO/TRACESWO).Mode=RGB565
PB3(JTDO/TRACESWO).PinAttribute=Appli
PB3(JTDO/TRACESWO).Signal=LTDC_R4
PB4(NJTRST).GPIOParameters=GPIO_Speed,PinAttribute
PB4(NJTRST).GPIO_Speed=GPIO_SPEED_FREQ_VERY_HIGH
PB4(NJTRST).Mode=RGB565
PB4(NJTRST).PinAttribute=Appli
PB4(NJTRST).Signal=LTDC_R3
PB6.GPIOParameters=GPIO_Speed,GPIO_Label,GPIO_Pu,PinAttribute
PB6.GPIO_Label=GTP_SCL
PB6.GPIO_Pu=GPIO_NOPULL
PB6.GPIO_Speed=GPIO_SPEED_FREQ_HIGH
PB6.Locked=true
PB6.Mode=I2C
PB6.PinAttribute=Appli
PB6.Signal=I2C1_SCL
PB7.GPIOParameters=GPIO_Speed,GPIO_Label,GPIO_Pu,PinAttribute
PB7.GPIO_Label=GTP_SDA
PB7.GPIO_Pu=GPIO_NOPULL
PB7.GPIO_Speed=GPIO_SPEED_FREQ_HIGH
PB7.Locked=true
PB7.Mode=I2C
PB7.PinAttribute=Appli
PB7.Signal=I2C1_SDA
PB8.ContextOwner=Appli
PB8.GPIOParameters=GPIO_Speed,PinState,GPIO_PuPd,GPIO_Label,GPIO_ModeDefaultOutputPP,PinAttribute
PB8.GPIO_Label=GTP_RST
PB8.GPIO_ModeDefaultOutputPP=GPIO_MODE_OUTPUT_PP
PB8.GPIO_PuPd=GPIO_NOPULL
PB8.GPIO_Speed=GPIO_SPEED_FREQ_HIGH
PB8.Locked=true
PB8.PinAttribute=Appli
PB8.PinState=GPIO_PIN_SET
PB8.Signal=GPIO_Output
PB9.ContextOwner=Appli
PB9.GPIOParameters=GPIO_Speed,PinState,GPIO_PuPd,GPIO_Label,GPIO_ModeDefaultOutputPP,PinAttribute
PB9.GPIO_Label=GTP_INT
PB9.GPIO_ModeDefaultOutputPP=GPIO_MODE_OUTPUT_PP
PB9.GPIO_PuPd=GPIO_NOPULL
PB9.GPIO_Speed=GPIO_SPEED_FREQ_HIGH
PB9.Locked=true
PB9.PinAttribute=Appli
PB9.PinState=GPIO_PIN_SET
PB9.Signal=GPIO_Output
PC10.GPIOParameters=PinAttribute
PC10.Mode=SD_4_bits_Wide_bus
PC10.PinAttribute=Appli
PC10.Signal=SDMMC1_D2
PC11.GPIOParameters=PinAttribute
PC11.Mode=SD_4_bits_Wide_bus
PC11.PinAttribute=Appli
PC11.Signal=SDMMC1_D3
PC12.GPIOParameters=PinAttribute
PC12.Mode=SD_4_bits_Wide_bus
PC12.PinAttribute=Appli
PC12.Signal=SDMMC1_CK
PC8.GPIOParameters=PinAttribute
PC8.Mode=SD_4_bits_Wide_bus
PC8.PinAttribute=Appli
PC8.Signal=SDMMC1_D0
PC9.GPIOParameters=PinAttribute
PC9.Mode=SD_4_bits_Wide_bus
PC9.PinAttribute=Appli
PC9.Signal=SDMMC1_D1
PD13.GPIOParameters=GPIO_Speed,GPIO_Label,PinAttribute
PD13.GPIO_Label=PASSIVE_BUZZER
PD13.GPIO_Speed=GPIO_SPEED_FREQ_VERY_HIGH
PD13.Locked=true
PD13.PinAttribute=Appli
PD13.Signal=S_TIM4_CH2
PD2.GPIOParameters=PinAttribute
PD2.Mode=SD_4_bits_Wide_bus
PD2.PinAttribute=Appli
PD2.Signal=SDMMC1_CMD
PF14.ContextOwner=Appli
PF14.GPIOParameters=GPIO_Speed,PinState,GPIO_PuPd,GPIO_Label,PinAttribute
PF14.GPIO_Label=RGB_LCD_INIT_SDA_PIN
PF14.GPIO_PuPd=GPIO_PULLUP
PF14.GPIO_Speed=GPIO_SPEED_FREQ_HIGH
PF14.Locked=true
PF14.PinAttribute=Appli
PF14.PinState=GPIO_PIN_SET
PF14.Signal=GPIO_Output
PF15.ContextOwner=Appli
PF15.GPIOParameters=GPIO_Speed,PinState,GPIO_PuPd,GPIO_Label,PinAttribute
PF15.GPIO_Label=RGB_LCD_INIT_SCK_PIN
PF15.GPIO_PuPd=GPIO_PULLUP
PF15.GPIO_Speed=GPIO_SPEED_FREQ_HIGH
PF15.Locked=true
PF15.PinAttribute=Appli
PF15.PinState=GPIO_PIN_SET
PF15.Signal=GPIO_Output
PF6.ContextOwner=Appli
PF6.GPIOParameters=GPIO_Speed,PinState,GPIO_PuPd,GPIO_Label,PinAttribute
PF6.GPIO_Label=RGB_LCD_INIT_CS_PIN
PF6.GPIO_PuPd=GPIO_PULLUP
PF6.GPIO_Speed=GPIO_SPEED_FREQ_HIGH
PF6.Locked=true
PF6.PinAttribute=Appli
PF6.PinState=GPIO_PIN_SET
PF6.Signal=GPIO_Output
PG0.GPIOParameters=GPIO_Speed,PinAttribute
PG0.GPIO_Speed=GPIO_SPEED_FREQ_VERY_HIGH
PG0.Mode=RGB565
PG0.PinAttribute=Appli
PG0.Signal=LTDC_R7
PG1.GPIOParameters=GPIO_Speed,PinAttribute
PG1.GPIO_Speed=GPIO_SPEED_FREQ_VERY_HIGH
PG1.Mode=RGB565
PG1.PinAttribute=Appli
PG1.Signal=LTDC_R6
PG12.ContextOwner=Appli
PG12.GPIOParameters=GPIO_Speed,PinState,GPIO_PuPd,GPIO_Label,PinAttribute
PG12.GPIO_Label=RGB_LCD_INIT_RESET_PIN
PG12.GPIO_PuPd=GPIO_NOPULL
PG12.GPIO_Speed=GPIO_SPEED_FREQ_MEDIUM
PG12.Locked=true
PG12.PinAttribute=Appli
PG12.PinState=GPIO_PIN_SET
PG12.Signal=GPIO_Output
PG2.GPIOParameters=GPIO_Speed,PinAttribute
PG2.GPIO_Speed=GPIO_SPEED_FREQ_VERY_HIGH
PG2.Mode=RGB565
PG2.PinAttribute=Appli
PG2.Signal=LTDC_HSYNC
PH0-OSC_IN(PH0).Mode=HSE-External-Oscillator
PH0-OSC_IN(PH0).Signal=RCC_OSC_IN
PH1-OSC_OUT(PH1).Mode=HSE-External-Oscillator
PH1-OSC_OUT(PH1).Signal=RCC_OSC_OUT
PM11.Mode=Device_Only
PM11.Signal=USB_OTG_FS_DP
PM12.Mode=Device_Only
PM12.Signal=USB_OTG_FS_DM
PM13.ContextOwner=Appli
PM13.GPIOParameters=GPIO_Speed,PinState,GPIO_PuPd,GPIO_Label,PinAttribute
PM13.GPIO_Label=W800_BOOT
PM13.GPIO_PuPd=GPIO_PULLUP
PM13.GPIO_Speed=GPIO_SPEED_FREQ_MEDIUM
PM13.Locked=true
PM13.PinAttribute=Appli
PM13.PinState=GPIO_PIN_SET
PM13.Signal=GPIO_Output
PM5.ContextOwner=Appli
PM5.GPIOParameters=GPIO_Speed,PinState,GPIO_PuPd,GPIO_Label,PinAttribute
PM5.GPIO_Label=W800_WKUP
PM5.GPIO_PuPd=GPIO_PULLDOWN
PM5.GPIO_Speed=GPIO_SPEED_FREQ_MEDIUM
PM5.Locked=true
PM5.PinAttribute=Appli
PM5.PinState=GPIO_PIN_SET
PM5.Signal=GPIO_Output
PM6.ContextOwner=Appli
PM6.GPIOParameters=GPIO_Speed,PinState,GPIO_PuPd,GPIO_Label,PinAttribute
PM6.GPIO_Label=W800_RESET
PM6.GPIO_PuPd=GPIO_PULLUP
PM6.GPIO_Speed=GPIO_SPEED_FREQ_MEDIUM
PM6.Locked=true
PM6.PinAttribute=Appli
PM6.PinState=GPIO_PIN_SET
PM6.Signal=GPIO_Output
PM8.GPIOParameters=GPIO_Speed,PinAttribute
PM8.GPIO_Speed=GPIO_SPEED_FREQ_MEDIUM
PM8.Locked=true
PM8.Mode=Asynchronous
PM8.PinAttribute=Appli
PM8.Signal=UART7_RX
PM9.GPIOParameters=GPIO_Speed,PinAttribute
PM9.GPIO_Speed=GPIO_SPEED_FREQ_MEDIUM
PM9.Locked=true
PM9.Mode=Asynchronous
PM9.PinAttribute=Appli
PM9.Signal=UART7_TX
PP0.ContextOwner=Appli
PP0.GPIOParameters=GPIO_Label,GPIO_ModeDefaultEXTI,PinAttribute
PP0.GPIO_Label=USER_KEY1
PP0.GPIO_ModeDefaultEXTI=GPIO_MODE_IT_FALLING
PP0.Locked=true
PP0.PinAttribute=Appli
PP0.Signal=GPXTI0
PP1.ContextOwner=Appli
PP1.GPIOParameters=GPIO_Label,GPIO_ModeDefaultEXTI,PinAttribute
PP1.GPIO_Label=USER_KEY2
PP1.GPIO_ModeDefaultEXTI=GPIO_MODE_IT_FALLING
PP1.Locked=true
PP1.PinAttribute=Appli
PP1.Signal=GPXTI1
PP2.ContextOwner=Appli
PP2.GPIOParameters=GPIO_Label,GPIO_ModeDefaultEXTI,PinAttribute
PP2.GPIO_Label=USER_KEY3
PP2.GPIO_ModeDefaultEXTI=GPIO_MODE_IT_FALLING
PP2.Locked=true
PP2.PinAttribute=Appli
PP2.Signal=GPXTI2
PP3.ContextOwner=Appli
PP3.GPIOParameters=GPIO_Label,PinAttribute
PP3.GPIO_Label=USER_KEY4
PP3.Locked=true
PP3.PinAttribute=Appli
PP3.Signal=GPIO_Input
PP4.ContextOwner=Appli
PP4.GPIOParameters=GPIO_Label,PinAttribute
PP4.GPIO_Label=ENCODER_KEY
PP4.Locked=true
PP4.PinAttribute=Appli
PP4.Signal=GPIO_Input
PP5.ContextOwner=Appli
PP5.GPIOParameters=GPIO_Label,PinAttribute
PP5.GPIO_Label=ENCODER_S1
PP5.Locked=true
PP5.PinAttribute=Appli
PP5.Signal=GPXTI5
PP6.ContextOwner=Appli
PP6.GPIOParameters=GPIO_Label,PinAttribute
PP6.GPIO_Label=ENCODER_S2
PP6.Locked=true
PP6.PinAttribute=Appli
PP6.Signal=GPIO_Input
PinOutPanel.CurrentBGAView=Top
PinOutPanel.RotationAngle=0
ProjectManager.AskForMigrate=true
ProjectManager.BackupPrevious=false
ProjectManager.CompilerOptimize=6
ProjectManager.ComputerToolchain=false
ProjectManager.CoupleFile=true
ProjectManager.CustomerFirmwarePackage=
ProjectManager.DefaultFWLocation=true
ProjectManager.DeletePrevious=true
ProjectManager.DeviceId=STM32H7R7L8Hx
ProjectManager.FirmwarePackage=STM32Cube FW_H7RS V1.1.0
ProjectManager.FreePins=false
ProjectManager.HalAssertFull=false
ProjectManager.HeapSize=App-0x800,Boot-0x200,ExtMemLoader-0x200
ProjectManager.KeepUserCode=true
ProjectManager.LastFirmware=true
ProjectManager.LibraryCopy=1
ProjectManager.MainLocation=Core/Src
ProjectManager.NoMain=false
ProjectManager.PreviousToolchain=STM32CubeIDE
ProjectManager.ProjectBuild=false
ProjectManager.ProjectFileName=DshanMCU_H7R_LVGL_Desktop.ioc
ProjectManager.ProjectName=DshanMCU_H7R_LVGL_Desktop
ProjectManager.ProjectStructure=Boot\:Boot Project\:false;App\:Appli Project\:true;ExtMemLoader\:ExtMemLoader Project\:false;
ProjectManager.RegisterCallBack=
ProjectManager.StackSize=App-0x1000,Boot-0x400,ExtMemLoader-0x400
ProjectManager.TargetToolchain=STM32CubeIDE
ProjectManager.ToolChainLocation=
ProjectManager.UAScriptAfterPath=
ProjectManager.UAScriptBeforePath=
ProjectManager.UnderRoot=true
ProjectManager.functionlistsort=1-SystemClock_Config-RCC-false-HAL-false-Boot,2-MX_GPDMA1_Init-GPDMA1-false-HAL-true-Boot,1-SystemClock_Config-RCC-false-HAL-false-Appli,2-MX_GPIO_Init-GPIO-false-HAL-true-Appli,3-MX_GPDMA1_Init-GPDMA1-false-HAL-true-Appli,4-MX_LTDC_Init-LTDC-false-HAL-true-Appli,5-MX_DMA2D_Init-DMA2D-false-HAL-true-Appli,6-MX_I2C1_Init-I2C1-false-HAL-true-Appli,7-MX_TIM3_Init-TIM3-false-HAL-true-Appli,8-MX_TIM4_Init-TIM4-false-HAL-true-Appli,9-MX_TIM12_Init-TIM12-false-HAL-true-Appli,10-MX_UART7_Init-UART7-false-HAL-true-Appli,false-11-MX_FLASH_Init-FLASH-false-HAL-true-Appli,12-MX_SDMMC1_SD_Init-SDMMC1-false-HAL-true-Appli,13-MX_FATFS_Init-FATFS-false-HAL-false-Appli,14-MX_USB_OTG_FS_PCD_Init-USB_OTG_FS-false-HAL-true-Appli,15-MX_TIM2_Init-TIM2-false-HAL-true-Appli,0-MX_CORTEX_M7_BOOT_Init-CORTEX_M7_BOOT-false-HAL-true-Boot,0-MX_CORTEX_M7_APPLI_Init-CORTEX_M7_APPLI-false-HAL-true-Appli,1-SystemClock_Config-RCC-false-HAL-false-ExtMemLoader
RCC.ADCFreq_Value=200000000
RCC.ADFFreq_Value=300000000
RCC.AHB1234Freq_Value=300000000
RCC.AHB5ClockFreq_Value=300000000
RCC.APB1Freq_Value=150000000
RCC.APB2Freq_Value=150000000
RCC.APB4Freq_Value=150000000
RCC.APB5Freq_Value=150000000
RCC.AXIClockFreq_Value=300000000
RCC.BMPRE=RCC_HCLK_DIV2
RCC.CECFreq_Value=32768
RCC.CKPERFreq_Value=64000000
RCC.CPREFreq_Value=600000000
RCC.CortexFreq_Value=600000000
RCC.CpuClockFreq_Value=600000000
RCC.DIVM1=2
RCC.DIVM2=6
RCC.DIVM3=6
RCC.DIVN1=50
RCC.DIVN2=100
RCC.DIVN3=100
RCC.DIVP1=1
RCC.DIVP1Freq_Value=600000000
RCC.DIVP2Freq_Value=200000000
RCC.DIVP3Freq_Value=200000000
RCC.DIVQ1Freq_Value=300000000
RCC.DIVQ2Freq_Value=200000000
RCC.DIVQ3Freq_Value=200000000
RCC.DIVR1Freq_Value=300000000
RCC.DIVR2Freq_Value=200000000
RCC.DIVR3=8
RCC.DIVR3Freq_Value=50000000
RCC.DIVS1Freq_Value=300000000
RCC.DIVS2=8
RCC.DIVS2Freq_Value=50000000
RCC.DIVS3Freq_Value=200000000
RCC.DIVT1Freq_Value=300000000
RCC.DIVT2Freq_Value=200000000
RCC.DIVT3Freq_Value=200000000
RCC.DTSFreq_Value=32768
RCC.ETH1Freq_Value=24000000
RCC.ETHPHYFreq_Value=24000000
RCC.FDCANFreq_Value=24000000
RCC.FMCFreq_Value=300000000
RCC.FamilyName=M
RCC.HCLKFreq_Value=300000000
RCC.I2C23Freq_Value=150000000
RCC.I2CI3C1Freq_Value=150000000
RCC.IPParameters=ADCFreq_Value,ADFFreq_Value,AHB1234Freq_Value,AHB5ClockFreq_Value,APB1Freq_Value,APB2Freq_Value,APB4Freq_Value,APB5Freq_Value,AXIClockFreq_Value,BMPRE,CECFreq_Value,CKPERFreq_Value,CPREFreq_Value,CortexFreq_Value,CpuClockFreq_Value,DIVM1,DIVM2,DIVM3,DIVN1,DIVN2,DIVN3,DIVP1,DIVP1Freq_Value,DIVP2Freq_Value,DIVP3Freq_Value,DIVQ1Freq_Value,DIVQ2Freq_Value,DIVQ3Freq_Value,DIVR1Freq_Value,DIVR2Freq_Value,DIVR3,DIVR3Freq_Value,DIVS1Freq_Value,DIVS2,DIVS2Freq_Value,DIVS3Freq_Value,DIVT1Freq_Value,DIVT2Freq_Value,DIVT3Freq_Value,DTSFreq_Value,ETH1Freq_Value,ETHPHYFreq_Value,FDCANFreq_Value,FMCFreq_Value,FamilyName,HCLKFreq_Value,I2C23Freq_Value,I2CI3C1Freq_Value,LPTIM1Freq_Value,LPTIM23Freq_Value,LPTIM45Freq_Value,LPUART1Freq_Value,LTDCFreq_Value,MCO1PinFreq_Value,MCO2PinFreq_Value,OSPI1Freq_Value,OSPI2Freq_Value,PLL2FRACN,PLL3FRACN,PLLFRACN,PLLSource,PPRE1,PPRE2,PPRE4,PPRE5,PSSIFreq_Value,RTCFreq_Value,SAI1Freq_Value,SAI2Freq_Value,SDMMCFreq_Value,SPDIFRXFreq_Value,SPI1Freq_Value,SPI23Freq_Value,SPI45Freq_Value,SPI6Freq_Value,SYSCLKFreq_VALUE,SYSCLKSource,TPIUFreq_Value,Tim1OutputFreq_Value,Tim2OutputFreq_Value,UCPDFreq_Value,USART1Freq_Value,USART234578Freq_Value,USBOFSFreq_Value,USBPHYFreq_Value,VCO1OutputFreq_Value,VCO2OutputFreq_Value,VCO3OutputFreq_Value,VCOInput1Freq_Value,VCOInput2Freq_Value,VCOInput3Freq_Value
RCC.LPTIM1Freq_Value=150000000
RCC.LPTIM23Freq_Value=150000000
RCC.LPTIM45Freq_Value=150000000
RCC.LPUART1Freq_Value=150000000
RCC.LTDCFreq_Value=50000000
RCC.MCO1PinFreq_Value=64000000
RCC.MCO2PinFreq_Value=600000000
RCC.OSPI1Freq_Value=300000000
RCC.OSPI2Freq_Value=300000000
RCC.PLL2FRACN=0
RCC.PLL3FRACN=0
RCC.PLLFRACN=0
RCC.PLLSource=RCC_PLLSOURCE_HSE
RCC.PPRE1=RCC_APB1_DIV2
RCC.PPRE2=RCC_APB2_DIV2
RCC.PPRE4=RCC_APB4_DIV2
RCC.PPRE5=RCC_APB5_DIV2
RCC.PSSIFreq_Value=50000000
RCC.RTCFreq_Value=32000
RCC.SAI1Freq_Value=300000000
RCC.SAI2Freq_Value=300000000
RCC.SDMMCFreq_Value=50000000
RCC.SPDIFRXFreq_Value=300000000
RCC.SPI1Freq_Value=300000000
RCC.SPI23Freq_Value=300000000
RCC.SPI45Freq_Value=150000000
RCC.SPI6Freq_Value=150000000
RCC.SYSCLKFreq_VALUE=600000000
RCC.SYSCLKSource=RCC_SYSCLKSOURCE_PLLCLK
RCC.TPIUFreq_Value=200000000
RCC.Tim1OutputFreq_Value=300000000
RCC.Tim2OutputFreq_Value=300000000
RCC.UCPDFreq_Value=16000000
RCC.USART1Freq_Value=150000000
RCC.USART234578Freq_Value=150000000
RCC.USBOFSFreq_Value=48000000
RCC.USBPHYFreq_Value=24000000
RCC.VCO1OutputFreq_Value=600000000
RCC.VCO2OutputFreq_Value=400000000
RCC.VCO3OutputFreq_Value=400000000
RCC.VCOInput1Freq_Value=12000000
RCC.VCOInput2Freq_Value=4000000
RCC.VCOInput3Freq_Value=4000000
SDMMC1.ClockDiv=0x02
SDMMC1.ClockEdge=SDMMC_CLOCK_EDGE_FALLING
SDMMC1.HardwareFlowControl=SDMMC_HARDWARE_FLOW_CONTROL_ENABLE
SDMMC1.IPParameters=ClockEdge,HardwareFlowControl,ClockDiv
SH.GPXTI0.0=GPIO_EXTI0
SH.GPXTI0.ConfNb=1
SH.GPXTI1.0=GPIO_EXTI1
SH.GPXTI1.ConfNb=1
SH.GPXTI2.0=GPIO_EXTI2
SH.GPXTI2.ConfNb=1
SH.GPXTI4.0=GPIO_EXTI4
SH.GPXTI4.ConfNb=1
SH.GPXTI5.0=GPIO_EXTI5
SH.GPXTI5.ConfNb=1
SH.S_TIM12_CH2.0=TIM12_CH2,PWM Generation2 CH2
SH.S_TIM12_CH2.ConfNb=1
SH.S_TIM3_CH4.0=TIM3_CH4,PWM Generation4 CH4
SH.S_TIM3_CH4.ConfNb=1
SH.S_TIM4_CH2.0=TIM4_CH2,PWM Generation2 CH2
SH.S_TIM4_CH2.ConfNb=1
TIM12.AutoReloadPreload=TIM_AUTORELOAD_PRELOAD_ENABLE
TIM12.Channel-PWM\ Generation2\ CH2=TIM_CHANNEL_2
TIM12.IPParameters=Channel-PWM Generation2 CH2,Prescaler,PeriodNoDither,AutoReloadPreload
TIM12.PeriodNoDither=999
TIM12.Prescaler=149
TIM2.AutoReloadPreload=TIM_AUTORELOAD_PRELOAD_ENABLE
TIM2.CounterMode=TIM_COUNTERMODE_DOWN
TIM2.IPParameters=Prescaler,CounterMode,PeriodNoDither,AutoReloadPreload
TIM2.PeriodNoDither=12
TIM2.Prescaler=8399
TIM3.AutoReloadPreload=TIM_AUTORELOAD_PRELOAD_ENABLE
TIM3.Channel-PWM\ Generation4\ CH4=TIM_CHANNEL_4
TIM3.IPParameters=Channel-PWM Generation4 CH4,Prescaler,PeriodNoDither,AutoReloadPreload
TIM3.PeriodNoDither=1000
TIM3.Prescaler=149
TIM4.AutoReloadPreload=TIM_AUTORELOAD_PRELOAD_ENABLE
TIM4.Channel-PWM\ Generation2\ CH2=TIM_CHANNEL_2
TIM4.IPParameters=Channel-PWM Generation2 CH2,AutoReloadPreload,PulseNoDither_2,Prescaler,PeriodNoDither
TIM4.IPParametersWithoutCheck=PulseNoDither_2,Prescaler,PeriodNoDither
TIM4.PeriodNoDither=PERIOD_VALUE
TIM4.Prescaler=PRESCALER_VALUE
TIM4.PulseNoDither_2=PULSE1_VALUE
USB_OTG_FS.IPParameters=VirtualMode
USB_OTG_FS.VirtualMode=Device_Only
VP_DMA2D_VS_DMA2D.Mode=DMA2D_Activate
VP_DMA2D_VS_DMA2D.Signal=DMA2D_VS_DMA2D
VP_FATFS_VS_SDIO.Mode=SDIO
VP_FATFS_VS_SDIO.Signal=FATFS_VS_SDIO
VP_FLASH_SIG_Activate_FlashIP.Mode=Activate_FlashIP
VP_FLASH_SIG_Activate_FlashIP.Signal=FLASH_SIG_Activate_FlashIP
VP_GPDMA1_VS_GPDMACH0.Mode=SIMPLEREQUEST_GPDMACH0
VP_GPDMA1_VS_GPDMACH0.Signal=GPDMA1_VS_GPDMACH0
VP_MEMORYMAP_VS_MEMORYMAP.Mode=CurAppReg
VP_MEMORYMAP_VS_MEMORYMAP.Signal=MEMORYMAP_VS_MEMORYMAP
VP_SYS_VS_tim1.Mode=TIM1
VP_SYS_VS_tim1.Signal=SYS_VS_tim1
VP_TIM12_VS_ClockSourceINT.Mode=Internal
VP_TIM12_VS_ClockSourceINT.Signal=TIM12_VS_ClockSourceINT
VP_TIM2_VS_ClockSourceINT.Mode=Internal
VP_TIM2_VS_ClockSourceINT.Signal=TIM2_VS_ClockSourceINT
VP_TIM3_VS_ClockSourceINT.Mode=Internal
VP_TIM3_VS_ClockSourceINT.Signal=TIM3_VS_ClockSourceINT
VP_TIM4_VS_ClockSourceINT.Mode=Internal
VP_TIM4_VS_ClockSourceINT.Signal=TIM4_VS_ClockSourceINT
board=custom
