#MicroXplorer Configuration settings - do not modify
Appli.IPs=CORTEX_M7_APPLI\:I,GPDMA1\:I,HPDMA1\:I,LINKEDLIST\:I,RCC\:I,GPIO,NVIC2\:I
Boot.IPs=CORTEX_M7_BOOT\:I,GPDMA1,HPDMA1,LINKEDLIST,RCC,GPIO,NVIC1\:I,FMC,MEMORYMAP\:I,LTDC,DMA2D,EXTMEM_MANAGER,SPI5
Boot.Pins=PB15,PF13
CAD.formats=
CAD.pinconfig=
CAD.provider=
CORTEX_M7_APPLI.CPU_DCache=Enabled
CORTEX_M7_APPLI.CPU_ICache=Enabled
CORTEX_M7_APPLI.IPParameters=default_mode_Activation,CPU_ICache,CPU_DCache,MPU_Control
CORTEX_M7_APPLI.MPU_Control=__NULL
CORTEX_M7_APPLI.default_mode_Activation=1
CORTEX_M7_BOOT.AccessPermission-Cortex_Memory_Protection_Unit_Region0_Settings=MPU_REGION_FULL_ACCESS
CORTEX_M7_BOOT.AccessPermission-Cortex_Memory_Protection_Unit_Region1_Settings=MPU_REGION_FULL_ACCESS
CORTEX_M7_BOOT.AccessPermission-Cortex_Memory_Protection_Unit_Region2_Settings=MPU_REGION_FULL_ACCESS
CORTEX_M7_BOOT.AccessPermission-Cortex_Memory_Protection_Unit_Region3_Settings=MPU_REGION_FULL_ACCESS
CORTEX_M7_BOOT.AccessPermission-Cortex_Memory_Protection_Unit_Region4_Settings=MPU_REGION_FULL_ACCESS
CORTEX_M7_BOOT.AccessPermission-Cortex_Memory_Protection_Unit_Region5_Settings=MPU_REGION_FULL_ACCESS
CORTEX_M7_BOOT.AccessPermission-Cortex_Memory_Protection_Unit_Region6_Settings=MPU_REGION_FULL_ACCESS
CORTEX_M7_BOOT.AccessPermission-Cortex_Memory_Protection_Unit_Region7_Settings=MPU_REGION_FULL_ACCESS
CORTEX_M7_BOOT.AccessPermission_Spec=MPU_REGION_FULL_ACCESS
CORTEX_M7_BOOT.BaseAddress-Cortex_Memory_Protection_Unit_Region1_Settings=0xC0000000
CORTEX_M7_BOOT.BaseAddress-Cortex_Memory_Protection_Unit_Region2_Settings=0x20000000
CORTEX_M7_BOOT.BaseAddress-Cortex_Memory_Protection_Unit_Region3_Settings=0x24000000
CORTEX_M7_BOOT.BaseAddress-Cortex_Memory_Protection_Unit_Region4_Settings=0x24020000
CORTEX_M7_BOOT.BaseAddress-Cortex_Memory_Protection_Unit_Region5_Settings=0x24040000
CORTEX_M7_BOOT.BaseAddress-Cortex_Memory_Protection_Unit_Region6_Settings=0x24060000
CORTEX_M7_BOOT.BaseAddress-Cortex_Memory_Protection_Unit_Region7_Settings=0x24070000
CORTEX_M7_BOOT.BaseAddress_Spec=0x0
CORTEX_M7_BOOT.CPU_DCache=Enabled
CORTEX_M7_BOOT.CPU_ICache=Enabled
CORTEX_M7_BOOT.DisableExec_Spec=MPU_INSTRUCTION_ACCESS_ENABLE
CORTEX_M7_BOOT.Enable-Cortex_Memory_Protection_Unit_Region0_Settings=MPU_REGION_ENABLE
CORTEX_M7_BOOT.Enable-Cortex_Memory_Protection_Unit_Region1_Settings=MPU_REGION_ENABLE
CORTEX_M7_BOOT.Enable-Cortex_Memory_Protection_Unit_Region2_Settings=MPU_REGION_ENABLE
CORTEX_M7_BOOT.Enable-Cortex_Memory_Protection_Unit_Region3_Settings=MPU_REGION_ENABLE
CORTEX_M7_BOOT.Enable-Cortex_Memory_Protection_Unit_Region4_Settings=MPU_REGION_ENABLE
CORTEX_M7_BOOT.Enable-Cortex_Memory_Protection_Unit_Region5_Settings=MPU_REGION_ENABLE
CORTEX_M7_BOOT.Enable-Cortex_Memory_Protection_Unit_Region6_Settings=MPU_REGION_ENABLE
CORTEX_M7_BOOT.Enable-Cortex_Memory_Protection_Unit_Region7_Settings=MPU_REGION_ENABLE
CORTEX_M7_BOOT.IPParameters=default_mode_Activation,CPU_ICache,CPU_DCache,BaseAddress_Spec,Size_Spec,SubRegionDisable_Spec,TypeExtField_Spec,AccessPermission_Spec,DisableExec_Spec,IsCacheable_Spec,IsBufferable_Spec,MPU_Control,Enable-Cortex_Memory_Protection_Unit_Region0_Settings,Size-Cortex_Memory_Protection_Unit_Region0_Settings,SubRegionDisable-Cortex_Memory_Protection_Unit_Region0_Settings,AccessPermission-Cortex_Memory_Protection_Unit_Region0_Settings,IsShareable-Cortex_Memory_Protection_Unit_Region0_Settings,Enable-Cortex_Memory_Protection_Unit_Region1_Settings,BaseAddress-Cortex_Memory_Protection_Unit_Region1_Settings,Size-Cortex_Memory_Protection_Unit_Region1_Settings,TypeExtField-Cortex_Memory_Protection_Unit_Region1_Settings,AccessPermission-Cortex_Memory_Protection_Unit_Region1_Settings,IsCacheable-Cortex_Memory_Protection_Unit_Region1_Settings,IsBufferable-Cortex_Memory_Protection_Unit_Region1_Settings,Enable-Cortex_Memory_Protection_Unit_Region2_Settings,BaseAddress-Cortex_Memory_Protection_Unit_Region2_Settings,Size-Cortex_Memory_Protection_Unit_Region2_Settings,TypeExtField-Cortex_Memory_Protection_Unit_Region2_Settings,AccessPermission-Cortex_Memory_Protection_Unit_Region2_Settings,Enable-Cortex_Memory_Protection_Unit_Region3_Settings,BaseAddress-Cortex_Memory_Protection_Unit_Region3_Settings,Size-Cortex_Memory_Protection_Unit_Region3_Settings,TypeExtField-Cortex_Memory_Protection_Unit_Region3_Settings,AccessPermission-Cortex_Memory_Protection_Unit_Region3_Settings,IsShareable-Cortex_Memory_Protection_Unit_Region3_Settings,IsCacheable-Cortex_Memory_Protection_Unit_Region3_Settings,IsBufferable-Cortex_Memory_Protection_Unit_Region3_Settings,Enable-Cortex_Memory_Protection_Unit_Region4_Settings,BaseAddress-Cortex_Memory_Protection_Unit_Region4_Settings,Size-Cortex_Memory_Protection_Unit_Region4_Settings,TypeExtField-Cortex_Memory_Protection_Unit_Region4_Settings,AccessPermission-Cortex_Memory_Protection_Unit_Region4_Settings,IsShareable-Cortex_Memory_Protection_Unit_Region4_Settings,IsCacheable-Cortex_Memory_Protection_Unit_Region4_Settings,IsBufferable-Cortex_Memory_Protection_Unit_Region4_Settings,Enable-Cortex_Memory_Protection_Unit_Region5_Settings,BaseAddress-Cortex_Memory_Protection_Unit_Region5_Settings,Size-Cortex_Memory_Protection_Unit_Region5_Settings,TypeExtField-Cortex_Memory_Protection_Unit_Region5_Settings,AccessPermission-Cortex_Memory_Protection_Unit_Region5_Settings,IsShareable-Cortex_Memory_Protection_Unit_Region5_Settings,IsCacheable-Cortex_Memory_Protection_Unit_Region5_Settings,IsBufferable-Cortex_Memory_Protection_Unit_Region5_Settings,Enable-Cortex_Memory_Protection_Unit_Region6_Settings,BaseAddress-Cortex_Memory_Protection_Unit_Region6_Settings,Size-Cortex_Memory_Protection_Unit_Region6_Settings,AccessPermission-Cortex_Memory_Protection_Unit_Region6_Settings,IsShareable-Cortex_Memory_Protection_Unit_Region6_Settings,IsBufferable-Cortex_Memory_Protection_Unit_Region6_Settings,Enable-Cortex_Memory_Protection_Unit_Region7_Settings,BaseAddress-Cortex_Memory_Protection_Unit_Region7_Settings,Size-Cortex_Memory_Protection_Unit_Region7_Settings,AccessPermission-Cortex_Memory_Protection_Unit_Region7_Settings,IsShareable-Cortex_Memory_Protection_Unit_Region7_Settings,IsBufferable-Cortex_Memory_Protection_Unit_Region7_Settings
CORTEX_M7_BOOT.IsBufferable-Cortex_Memory_Protection_Unit_Region1_Settings=MPU_ACCESS_BUFFERABLE
CORTEX_M7_BOOT.IsBufferable-Cortex_Memory_Protection_Unit_Region3_Settings=MPU_ACCESS_BUFFERABLE
CORTEX_M7_BOOT.IsBufferable-Cortex_Memory_Protection_Unit_Region4_Settings=MPU_ACCESS_BUFFERABLE
CORTEX_M7_BOOT.IsBufferable-Cortex_Memory_Protection_Unit_Region5_Settings=MPU_ACCESS_BUFFERABLE
CORTEX_M7_BOOT.IsBufferable-Cortex_Memory_Protection_Unit_Region6_Settings=MPU_ACCESS_BUFFERABLE
CORTEX_M7_BOOT.IsBufferable-Cortex_Memory_Protection_Unit_Region7_Settings=MPU_ACCESS_BUFFERABLE
CORTEX_M7_BOOT.IsBufferable_Spec=MPU_ACCESS_BUFFERABLE
CORTEX_M7_BOOT.IsCacheable-Cortex_Memory_Protection_Unit_Region1_Settings=MPU_ACCESS_CACHEABLE
CORTEX_M7_BOOT.IsCacheable-Cortex_Memory_Protection_Unit_Region3_Settings=MPU_ACCESS_CACHEABLE
CORTEX_M7_BOOT.IsCacheable-Cortex_Memory_Protection_Unit_Region4_Settings=MPU_ACCESS_CACHEABLE
CORTEX_M7_BOOT.IsCacheable-Cortex_Memory_Protection_Unit_Region5_Settings=MPU_ACCESS_CACHEABLE
CORTEX_M7_BOOT.IsCacheable_Spec=MPU_ACCESS_CACHEABLE
CORTEX_M7_BOOT.IsShareable-Cortex_Memory_Protection_Unit_Region0_Settings=MPU_ACCESS_SHAREABLE
CORTEX_M7_BOOT.IsShareable-Cortex_Memory_Protection_Unit_Region3_Settings=MPU_ACCESS_SHAREABLE
CORTEX_M7_BOOT.IsShareable-Cortex_Memory_Protection_Unit_Region4_Settings=MPU_ACCESS_SHAREABLE
CORTEX_M7_BOOT.IsShareable-Cortex_Memory_Protection_Unit_Region5_Settings=MPU_ACCESS_SHAREABLE
CORTEX_M7_BOOT.IsShareable-Cortex_Memory_Protection_Unit_Region6_Settings=MPU_ACCESS_SHAREABLE
CORTEX_M7_BOOT.IsShareable-Cortex_Memory_Protection_Unit_Region7_Settings=MPU_ACCESS_SHAREABLE
CORTEX_M7_BOOT.MPU_Control=MPU_PRIVILEGED_DEFAULT
CORTEX_M7_BOOT.Size-Cortex_Memory_Protection_Unit_Region0_Settings=MPU_REGION_SIZE_4GB
CORTEX_M7_BOOT.Size-Cortex_Memory_Protection_Unit_Region1_Settings=MPU_REGION_SIZE_32MB
CORTEX_M7_BOOT.Size-Cortex_Memory_Protection_Unit_Region2_Settings=MPU_REGION_SIZE_64KB
CORTEX_M7_BOOT.Size-Cortex_Memory_Protection_Unit_Region3_Settings=MPU_REGION_SIZE_128KB
CORTEX_M7_BOOT.Size-Cortex_Memory_Protection_Unit_Region4_Settings=MPU_REGION_SIZE_128KB
CORTEX_M7_BOOT.Size-Cortex_Memory_Protection_Unit_Region5_Settings=MPU_REGION_SIZE_128KB
CORTEX_M7_BOOT.Size-Cortex_Memory_Protection_Unit_Region6_Settings=MPU_REGION_SIZE_64KB
CORTEX_M7_BOOT.Size-Cortex_Memory_Protection_Unit_Region7_Settings=MPU_REGION_SIZE_8KB
CORTEX_M7_BOOT.Size_Spec=MPU_REGION_SIZE_4GB
CORTEX_M7_BOOT.SubRegionDisable-Cortex_Memory_Protection_Unit_Region0_Settings=0xA7
CORTEX_M7_BOOT.SubRegionDisable_Spec=0x0
CORTEX_M7_BOOT.TypeExtField-Cortex_Memory_Protection_Unit_Region1_Settings=MPU_TEX_LEVEL1
CORTEX_M7_BOOT.TypeExtField-Cortex_Memory_Protection_Unit_Region2_Settings=MPU_TEX_LEVEL1
CORTEX_M7_BOOT.TypeExtField-Cortex_Memory_Protection_Unit_Region3_Settings=MPU_TEX_LEVEL1
CORTEX_M7_BOOT.TypeExtField-Cortex_Memory_Protection_Unit_Region4_Settings=MPU_TEX_LEVEL1
CORTEX_M7_BOOT.TypeExtField-Cortex_Memory_Protection_Unit_Region5_Settings=MPU_TEX_LEVEL1
CORTEX_M7_BOOT.TypeExtField_Spec=MPU_TEX_LEVEL1
CORTEX_M7_BOOT.default_mode_Activation=0
DMA2D.ColorMode=DMA2D_OUTPUT_RGB565
DMA2D.IPParameters=ColorMode
EXTMEM_LOADER.IPParameters=RefParam_SECTORS_NBR,RefParam_SECTORS_SIZE,RefParam_ELOADER_END_ADDRESS
EXTMEM_LOADER.RefParam_ELOADER_END_ADDRESS=0x1000000
EXTMEM_LOADER.RefParam_SECTORS_NBR=16
EXTMEM_LOADER.RefParam_SECTORS_SIZE=0x1000
EXTMEM_MANAGER.IPParameters=RefParam_BOOT_enable,RefParam_MEMORY_1_Driver_Selection,RefParam_MEMORY_2_Driver_Selection
EXTMEM_MANAGER.RefParam_BOOT_enable=true
EXTMEM_MANAGER.RefParam_MEMORY_1_Driver_Selection=EXTMEM_USER
EXTMEM_MANAGER.RefParam_MEMORY_2_Driver_Selection=EXTMEM_NOT_USED
ExtMemLoader.IPs=EXTMEM_LOADER\:I,EXTMEM_MANAGER\:I,GPIO,SDMMC1,PWR\:I,FMC
FMC.CASLatency1=FMC_SDRAM_CAS_LATENCY_3
FMC.ColumnBitsNumber1=FMC_SDRAM_COLUMN_BITS_NUM_9
FMC.ExitSelfRefreshDelay1=8
FMC.IPParameters=ColumnBitsNumber1,CASLatency1,SDClockPeriod1,ReadPipeDelay1,LoadToActiveDelay1,ExitSelfRefreshDelay1,SelfRefreshTime1,RowCycleDelay1,WriteRecoveryTime1,RPDelay1,RCDDelay1,ReadBurst1,ReadBurst2,RowCycleDelay2
FMC.LoadToActiveDelay1=2
FMC.RCDDelay1=6
FMC.RPDelay1=2
FMC.ReadBurst1=FMC_SDRAM_RBURST_ENABLE
FMC.ReadBurst2=FMC_SDRAM_RBURST_ENABLE
FMC.ReadPipeDelay1=FMC_SDRAM_RPIPE_DELAY_1
FMC.RowCycleDelay1=6
FMC.RowCycleDelay2=6
FMC.SDClockPeriod1=FMC_SDRAM_CLOCK_PERIOD_2
FMC.SelfRefreshTime1=6
FMC.WriteRecoveryTime1=2
File.Version=6
GPIO.groupedBy=Group By Peripherals
KeepUserPlacement=false
LTDC.ActiveH=600
LTDC.ActiveW=1024
LTDC.Alpha_L0=255
LTDC.Alpha_L1=255
LTDC.Blue_L0=0
LTDC.FBStartAdress_L0=0xC0000000
LTDC.HBP=140
LTDC.HFP=160
LTDC.HSync=20
LTDC.IPParameters=HSync,HBP,ActiveW,HFP,VSync,VBP,ActiveH,VFP,WindowX1_L0,WindowY1_L0,WindowX0_L1,WindowX1_L1,WindowY0_L1,WindowY1_L1,PixelFormat_L0,Alpha_L0,Alpha_L1,Blue_L0,Red_L1,FBStartAdress_L0,ImageWidth_L0,ImageHeight_L0,Layers
LTDC.ImageHeight_L0=600
LTDC.ImageWidth_L0=1024
LTDC.Layers=0
LTDC.PixelFormat_L0=LTDC_PIXEL_FORMAT_RGB565
LTDC.Red_L1=0
LTDC.VBP=20
LTDC.VFP=12
LTDC.VSync=3
LTDC.WindowX0_L1=200
LTDC.WindowX1_L0=1024
LTDC.WindowX1_L1=600
LTDC.WindowY0_L1=200
LTDC.WindowY1_L0=600
LTDC.WindowY1_L1=600
MMTAppReg1.MEMORYMAP.AppRegionName=DTCM
MMTAppReg1.MEMORYMAP.ContextName=Boot
MMTAppReg1.MEMORYMAP.CoreName=ARM Cortex-M7
MMTAppReg1.MEMORYMAP.DefaultDataRegion=true
MMTAppReg1.MEMORYMAP.IPParameters=StartAddress,Size,CoreName,DefaultDataRegion,ContextName,Name
MMTAppReg1.MEMORYMAP.Name=DTCM
MMTAppReg1.MEMORYMAP.Size=65536
MMTAppReg1.MEMORYMAP.StartAddress=0x20000000
MMTAppReg2.MEMORYMAP.AppRegionName=RAM
MMTAppReg2.MEMORYMAP.ContextName=Boot
MMTAppReg2.MEMORYMAP.CoreName=ARM Cortex-M7
MMTAppReg2.MEMORYMAP.DefaultDataRegion=true
MMTAppReg2.MEMORYMAP.IPParameters=StartAddress,Size,CoreName,DefaultDataRegion,ContextName,Name
MMTAppReg2.MEMORYMAP.Name=RAM
MMTAppReg2.MEMORYMAP.Size=465920
MMTAppReg2.MEMORYMAP.StartAddress=0x24000000
MMTAppReg3.MEMORYMAP.AppRegionName=ITCM
MMTAppReg3.MEMORYMAP.Cacheability=WTRA
MMTAppReg3.MEMORYMAP.ContextName=Boot
MMTAppReg3.MEMORYMAP.CoreName=ARM Cortex-M7
MMTAppReg3.MEMORYMAP.DefaultDataRegion=false
MMTAppReg3.MEMORYMAP.IPParameters=StartAddress,Size,CoreName,DefaultDataRegion,ContextName,Name,Cacheability
MMTAppReg3.MEMORYMAP.Name=ITCM
MMTAppReg3.MEMORYMAP.Size=65536
MMTAppReg3.MEMORYMAP.StartAddress=0x00000000
MMTAppReg4.MEMORYMAP.AP=RO_priv_only
MMTAppReg4.MEMORYMAP.AppRegionName=FLASH
MMTAppReg4.MEMORYMAP.Cacheability=WTRA
MMTAppReg4.MEMORYMAP.ContextName=Boot
MMTAppReg4.MEMORYMAP.CoreName=ARM Cortex-M7
MMTAppReg4.MEMORYMAP.DefaultCodeRegion=true
MMTAppReg4.MEMORYMAP.DefaultDataRegion=false
MMTAppReg4.MEMORYMAP.IPParameters=StartAddress,Size,CoreName,DefaultDataRegion,MemType,ContextName,Name,AP,Cacheability,DefaultCodeRegion
MMTAppReg4.MEMORYMAP.MemType=ROM
MMTAppReg4.MEMORYMAP.Name=FLASH
MMTAppReg4.MEMORYMAP.Size=65536
MMTAppReg4.MEMORYMAP.StartAddress=0x08000000
MMTAppReg5.MEMORYMAP.AppRegionName=DTCM
MMTAppReg5.MEMORYMAP.ContextName=Appli
MMTAppReg5.MEMORYMAP.CoreName=ARM Cortex-M7
MMTAppReg5.MEMORYMAP.DefaultDataRegion=true
MMTAppReg5.MEMORYMAP.IPParameters=StartAddress,Size,CoreName,DefaultDataRegion,ContextName,Name
MMTAppReg5.MEMORYMAP.Name=DTCM
MMTAppReg5.MEMORYMAP.Size=65536
MMTAppReg5.MEMORYMAP.StartAddress=0x20000000
MMTAppReg6.MEMORYMAP.AppRegionName=RAM
MMTAppReg6.MEMORYMAP.ContextName=Appli
MMTAppReg6.MEMORYMAP.CoreName=ARM Cortex-M7
MMTAppReg6.MEMORYMAP.DefaultDataRegion=true
MMTAppReg6.MEMORYMAP.IPParameters=StartAddress,Size,CoreName,DefaultDataRegion,ContextName,Name
MMTAppReg6.MEMORYMAP.Name=RAM
MMTAppReg6.MEMORYMAP.Size=465920
MMTAppReg6.MEMORYMAP.StartAddress=0x24000000
MMTAppReg7.MEMORYMAP.AppRegionName=ITCM
MMTAppReg7.MEMORYMAP.Cacheability=WTRA
MMTAppReg7.MEMORYMAP.ContextName=Appli
MMTAppReg7.MEMORYMAP.CoreName=ARM Cortex-M7
MMTAppReg7.MEMORYMAP.DefaultDataRegion=false
MMTAppReg7.MEMORYMAP.IPParameters=StartAddress,Size,CoreName,DefaultDataRegion,ContextName,Name,Cacheability
MMTAppReg7.MEMORYMAP.Name=ITCM
MMTAppReg7.MEMORYMAP.Size=65536
MMTAppReg7.MEMORYMAP.StartAddress=0x00000000
MMTAppReg8.MEMORYMAP.AP=RO_priv_only
MMTAppReg8.MEMORYMAP.AppRegionName=FLASH
MMTAppReg8.MEMORYMAP.Cacheability=WTRA
MMTAppReg8.MEMORYMAP.ContextName=Appli
MMTAppReg8.MEMORYMAP.CoreName=ARM Cortex-M7
MMTAppReg8.MEMORYMAP.DefaultCodeRegion=true
MMTAppReg8.MEMORYMAP.DefaultDataRegion=false
MMTAppReg8.MEMORYMAP.IPParameters=StartAddress,Size,CoreName,DefaultDataRegion,MemType,ContextName,Name,AP,Cacheability,DefaultCodeRegion
MMTAppReg8.MEMORYMAP.MemType=ROM
MMTAppReg8.MEMORYMAP.Name=FLASH
MMTAppReg8.MEMORYMAP.Size=65536
MMTAppReg8.MEMORYMAP.StartAddress=0x08000000
MMTAppRegionsCount=8
MMTConfigApplied=false
Mcu.CPN=STM32H7R7L8H6
Mcu.Context0=Boot
Mcu.Context1=Appli
Mcu.Context2=ExtMemLoader
Mcu.ContextNb=3
Mcu.Family=STM32H7
Mcu.IP0=CORTEX_M7_APPLI
Mcu.IP1=CORTEX_M7_BOOT
Mcu.IP10=RCC
Mcu.IP11=SDMMC1
Mcu.IP12=SPI5
Mcu.IP2=DMA2D
Mcu.IP3=EXTMEM_LOADER
Mcu.IP4=EXTMEM_MANAGER
Mcu.IP5=FMC
Mcu.IP6=LTDC
Mcu.IP7=MEMORYMAP
Mcu.IP8=NVIC2
Mcu.IP9=NVIC1
Mcu.IPNb=13
Mcu.Name=STM32H7R7L8Hx
Mcu.Package=TFBGA225 OCTO SMPS
Mcu.Pin0=PE0
Mcu.Pin1=PF3
Mcu.Pin10=PD1
Mcu.Pin11=PC10
Mcu.Pin12=PC11
Mcu.Pin13=PE1
Mcu.Pin14=PB3(JTDO/TRACESWO)
Mcu.Pin15=PF1
Mcu.Pin16=PG2
Mcu.Pin17=PE11
Mcu.Pin18=PD0
Mcu.Pin19=PA11
Mcu.Pin2=PF2
Mcu.Pin20=PB4(NJTRST)
Mcu.Pin21=PE15
Mcu.Pin22=PC12
Mcu.Pin23=PA9
Mcu.Pin24=PC8
Mcu.Pin25=PE6
Mcu.Pin26=PE4
Mcu.Pin27=PG1
Mcu.Pin28=PE12
Mcu.Pin29=PA10
Mcu.Pin3=PE14
Mcu.Pin30=PC9
Mcu.Pin31=PE5
Mcu.Pin32=PE3
Mcu.Pin33=PA8
Mcu.Pin34=PA15(JTDI)
Mcu.Pin35=PN3
Mcu.Pin36=PN11
Mcu.Pin37=PN10
Mcu.Pin38=PN9
Mcu.Pin39=PN2
Mcu.Pin4=PD2
Mcu.Pin40=PC0
Mcu.Pin41=PN8
Mcu.Pin42=PN4
Mcu.Pin43=PN5
Mcu.Pin44=PC1
Mcu.Pin45=PC2
Mcu.Pin46=PC3
Mcu.Pin47=PC4
Mcu.Pin48=PB12
Mcu.Pin49=PA0
Mcu.Pin5=PE2
Mcu.Pin50=PA1
Mcu.Pin51=PE7
Mcu.Pin52=PD8
Mcu.Pin53=PB14
Mcu.Pin54=PB15
Mcu.Pin55=PA5
Mcu.Pin56=PC5
Mcu.Pin57=PF15
Mcu.Pin58=PB11
Mcu.Pin59=PB13
Mcu.Pin6=PF0
Mcu.Pin60=PA6
Mcu.Pin61=PB0
Mcu.Pin62=PF13
Mcu.Pin63=PF14
Mcu.Pin64=PE9
Mcu.Pin65=PD9
Mcu.Pin66=PB10
Mcu.Pin67=PF12
Mcu.Pin68=PE8
Mcu.Pin69=PE10
Mcu.Pin7=PD7
Mcu.Pin70=VP_DMA2D_VS_DMA2D
Mcu.Pin71=VP_EXTMEM_LOADER_SIG_Activate_EXTMEM_LOADER
Mcu.Pin72=VP_EXTMEM_MANAGER_SIG_Activate_EXTMEM
Mcu.Pin73=VP_MEMORYMAP_VS_MEMORYMAP
Mcu.Pin8=PG0
Mcu.Pin9=PE13
Mcu.PinsNb=74
Mcu.ThirdPartyNb=0
Mcu.UserConstants=
Mcu.UserName=STM32H7R7L8Hx
MxCube.Version=6.12.0
MxDb.Version=DB.6.0.120
NVIC1.BusFault_IRQn=true\:0\:0\:false\:false\:true\:false\:false\:false
NVIC1.DMA2D_IRQn=true\:0\:0\:false\:false\:true\:true\:true\:true
NVIC1.DebugMonitor_IRQn=true\:0\:0\:false\:false\:true\:false\:false\:false
NVIC1.ForceEnableDMAVector=true
NVIC1.HardFault_IRQn=true\:0\:0\:false\:false\:true\:false\:false\:false
NVIC1.MemoryManagement_IRQn=true\:0\:0\:false\:false\:true\:false\:false\:false
NVIC1.NonMaskableInt_IRQn=true\:0\:0\:false\:false\:true\:false\:false\:false
NVIC1.PendSV_IRQn=true\:0\:0\:false\:false\:true\:false\:false\:false
NVIC1.PriorityGroup=NVIC_PRIORITYGROUP_4
NVIC1.SVCall_IRQn=true\:0\:0\:false\:false\:true\:false\:false\:false
NVIC1.SysTick_IRQn=true\:15\:0\:false\:false\:true\:false\:true\:false
NVIC1.UsageFault_IRQn=true\:0\:0\:false\:false\:true\:false\:false\:false
NVIC2.BusFault_IRQn=true\:0\:0\:false\:false\:true\:false\:false\:false
NVIC2.DebugMonitor_IRQn=true\:0\:0\:false\:false\:true\:false\:false\:false
NVIC2.ForceEnableDMAVector=true
NVIC2.HardFault_IRQn=true\:0\:0\:false\:false\:true\:false\:false\:false
NVIC2.MemoryManagement_IRQn=true\:0\:0\:false\:false\:true\:false\:false\:false
NVIC2.NonMaskableInt_IRQn=true\:0\:0\:false\:false\:true\:false\:false\:false
NVIC2.PendSV_IRQn=true\:0\:0\:false\:false\:true\:false\:false\:false
NVIC2.PriorityGroup=NVIC_PRIORITYGROUP_4
NVIC2.SVCall_IRQn=true\:0\:0\:false\:false\:true\:false\:false\:false
NVIC2.SysTick_IRQn=true\:15\:0\:false\:false\:true\:false\:true\:false
NVIC2.UsageFault_IRQn=true\:0\:0\:false\:false\:true\:false\:false\:false
PA0.GPIOParameters=GPIO_Speed,PinAttribute
PA0.GPIO_Speed=GPIO_SPEED_FREQ_VERY_HIGH
PA0.Mode=RGB565
PA0.PinAttribute=Boot
PA0.Signal=LTDC_G3
PA1.GPIOParameters=GPIO_Speed,PinAttribute
PA1.GPIO_Speed=GPIO_SPEED_FREQ_VERY_HIGH
PA1.Mode=RGB565
PA1.PinAttribute=Boot
PA1.Signal=LTDC_G2
PA10.GPIOParameters=GPIO_Speed,PinAttribute
PA10.GPIO_Speed=GPIO_SPEED_FREQ_VERY_HIGH
PA10.Mode=RGB565
PA10.PinAttribute=Boot
PA10.Signal=LTDC_B4
PA11.GPIOParameters=GPIO_Speed,PinAttribute
PA11.GPIO_Speed=GPIO_SPEED_FREQ_VERY_HIGH
PA11.Mode=RGB565
PA11.PinAttribute=Boot
PA11.Signal=LTDC_B3
PA15(JTDI).GPIOParameters=GPIO_Speed,PinAttribute
PA15(JTDI).GPIO_Speed=GPIO_SPEED_FREQ_VERY_HIGH
PA15(JTDI).Mode=RGB565
PA15(JTDI).PinAttribute=Boot
PA15(JTDI).Signal=LTDC_R5
PA5.GPIOParameters=GPIO_Speed,PinAttribute
PA5.GPIO_Speed=GPIO_SPEED_FREQ_VERY_HIGH
PA5.Locked=true
PA5.Mode=RGB565
PA5.PinAttribute=Boot
PA5.Signal=LTDC_CLK
PA6.GPIOParameters=GPIO_Speed,PinAttribute
PA6.GPIO_Speed=GPIO_SPEED_FREQ_VERY_HIGH
PA6.Locked=true
PA6.Mode=RGB565
PA6.PinAttribute=Boot
PA6.Signal=LTDC_B7
PA8.GPIOParameters=GPIO_Speed,PinAttribute
PA8.GPIO_Speed=GPIO_SPEED_FREQ_VERY_HIGH
PA8.Mode=RGB565
PA8.PinAttribute=Boot
PA8.Signal=LTDC_B6
PA9.GPIOParameters=GPIO_Speed,PinAttribute
PA9.GPIO_Speed=GPIO_SPEED_FREQ_VERY_HIGH
PA9.Mode=RGB565
PA9.PinAttribute=Boot
PA9.Signal=LTDC_B5
PB0.GPIOParameters=GPIO_Speed,PinAttribute
PB0.GPIO_Speed=GPIO_SPEED_FREQ_VERY_HIGH
PB0.Mode=RGB565
PB0.PinAttribute=Boot
PB0.Signal=LTDC_VSYNC
PB10.GPIOParameters=GPIO_Speed,PinAttribute
PB10.GPIO_Speed=GPIO_SPEED_FREQ_VERY_HIGH
PB10.Locked=true
PB10.Mode=RGB565
PB10.PinAttribute=Boot
PB10.Signal=LTDC_G7
PB11.GPIOParameters=GPIO_Speed,PinAttribute
PB11.GPIO_Speed=GPIO_SPEED_FREQ_VERY_HIGH
PB11.Mode=RGB565
PB11.PinAttribute=Boot
PB11.Signal=LTDC_G6
PB12.GPIOParameters=GPIO_Speed,PinAttribute
PB12.GPIO_Speed=GPIO_SPEED_FREQ_VERY_HIGH
PB12.Mode=RGB565
PB12.PinAttribute=Boot
PB12.Signal=LTDC_G5
PB13.GPIOParameters=GPIO_Speed,PinAttribute
PB13.GPIO_Speed=GPIO_SPEED_FREQ_VERY_HIGH
PB13.Mode=RGB565
PB13.PinAttribute=Boot
PB13.Signal=LTDC_G4
PB14.GPIOParameters=GPIO_Speed,PinAttribute
PB14.GPIO_Speed=GPIO_SPEED_FREQ_VERY_HIGH
PB14.Mode=RGB565
PB14.PinAttribute=Boot
PB14.Signal=LTDC_DE
PB15.ContextOwner=Boot
PB15.GPIOParameters=PinState,PinAttribute
PB15.Locked=true
PB15.PinAttribute=Boot,Appli
PB15.PinState=GPIO_PIN_RESET
PB15.Signal=GPIO_Output
PB3(JTDO/TRACESWO).GPIOParameters=GPIO_Speed,PinAttribute
PB3(JTDO/TRACESWO).GPIO_Speed=GPIO_SPEED_FREQ_VERY_HIGH
PB3(JTDO/TRACESWO).Mode=RGB565
PB3(JTDO/TRACESWO).PinAttribute=Boot
PB3(JTDO/TRACESWO).Signal=LTDC_R4
PB4(NJTRST).GPIOParameters=GPIO_Speed,PinAttribute
PB4(NJTRST).GPIO_Speed=GPIO_SPEED_FREQ_VERY_HIGH
PB4(NJTRST).Mode=RGB565
PB4(NJTRST).PinAttribute=Boot
PB4(NJTRST).Signal=LTDC_R3
PC0.GPIOParameters=PinAttribute
PC0.PinAttribute=Boot,ExtMemLoader
PC0.Signal=FMC_NBL1
PC1.GPIOParameters=PinAttribute
PC1.PinAttribute=Boot,ExtMemLoader
PC1.Signal=FMC_A0
PC10.GPIOParameters=PinAttribute
PC10.Mode=SD_4_bits_Wide_bus
PC10.PinAttribute=ExtMemLoader
PC10.Signal=SDMMC1_D2
PC11.GPIOParameters=PinAttribute
PC11.Mode=SD_4_bits_Wide_bus
PC11.PinAttribute=ExtMemLoader
PC11.Signal=SDMMC1_D3
PC12.GPIOParameters=PinAttribute
PC12.Mode=SD_4_bits_Wide_bus
PC12.PinAttribute=ExtMemLoader
PC12.Signal=SDMMC1_CK
PC2.GPIOParameters=PinAttribute
PC2.PinAttribute=Boot,ExtMemLoader
PC2.Signal=FMC_A1
PC3.GPIOParameters=PinAttribute
PC3.PinAttribute=Boot,ExtMemLoader
PC3.Signal=FMC_A2
PC4.GPIOParameters=PinAttribute
PC4.PinAttribute=Boot,ExtMemLoader
PC4.Signal=FMC_A3
PC5.GPIOParameters=PinAttribute
PC5.PinAttribute=Boot,ExtMemLoader
PC5.Signal=FMC_A5
PC8.GPIOParameters=PinAttribute
PC8.Mode=SD_4_bits_Wide_bus
PC8.PinAttribute=ExtMemLoader
PC8.Signal=SDMMC1_D0
PC9.GPIOParameters=PinAttribute
PC9.Mode=SD_4_bits_Wide_bus
PC9.PinAttribute=ExtMemLoader
PC9.Signal=SDMMC1_D1
PD0.GPIOParameters=PinAttribute
PD0.PinAttribute=Boot,ExtMemLoader
PD0.Signal=FMC_A6
PD1.GPIOParameters=PinAttribute
PD1.PinAttribute=Boot,ExtMemLoader
PD1.Signal=FMC_A7
PD2.GPIOParameters=PinAttribute
PD2.Mode=SD_4_bits_Wide_bus
PD2.PinAttribute=ExtMemLoader
PD2.Signal=SDMMC1_CMD
PD7.GPIOParameters=PinAttribute
PD7.PinAttribute=Boot,ExtMemLoader
PD7.Signal=FMC_D8_DA8
PD8.GPIOParameters=PinAttribute
PD8.Locked=true
PD8.PinAttribute=Boot,ExtMemLoader
PD8.Signal=FMC_NBL0
PD9.GPIOParameters=PinAttribute
PD9.Locked=true
PD9.PinAttribute=Boot,ExtMemLoader
PD9.Signal=FMC_SDCLK
PE0.GPIOParameters=PinAttribute
PE0.PinAttribute=Boot,ExtMemLoader
PE0.Signal=FMC_D9_DA9
PE1.GPIOParameters=PinAttribute
PE1.PinAttribute=Boot,ExtMemLoader
PE1.Signal=FMC_D10_DA10
PE10.GPIOParameters=PinAttribute
PE10.PinAttribute=Boot,ExtMemLoader
PE10.Signal=FMC_A15_BA1
PE11.GPIOParameters=PinAttribute
PE11.PinAttribute=Boot,ExtMemLoader
PE11.Signal=FMC_SDNWE
PE12.GPIOParameters=PinAttribute
PE12.PinAttribute=Boot,ExtMemLoader
PE12.Signal=FMC_SDNRAS
PE13.GPIOParameters=PinAttribute
PE13.PinAttribute=Boot,ExtMemLoader
PE13.Signal=FMC_SDNCAS
PE14.GPIOParameters=PinAttribute
PE14.Mode=SdramChipSelect1_1
PE14.PinAttribute=Boot,ExtMemLoader
PE14.Signal=FMC_SDNE0
PE15.GPIOParameters=PinAttribute
PE15.Mode=SdramChipSelect1_1
PE15.PinAttribute=Boot,ExtMemLoader
PE15.Signal=FMC_SDCKE0
PE2.GPIOParameters=PinAttribute
PE2.PinAttribute=Boot,ExtMemLoader
PE2.Signal=FMC_D11_DA11
PE3.GPIOParameters=PinAttribute
PE3.Locked=true
PE3.PinAttribute=Boot,ExtMemLoader
PE3.Signal=FMC_D12_DA12
PE4.GPIOParameters=PinAttribute
PE4.Locked=true
PE4.PinAttribute=Boot,ExtMemLoader
PE4.Signal=FMC_D13_DA13
PE5.GPIOParameters=PinAttribute
PE5.Locked=true
PE5.PinAttribute=Boot,ExtMemLoader
PE5.Signal=FMC_D14_DA14
PE6.GPIOParameters=PinAttribute
PE6.PinAttribute=Boot,ExtMemLoader
PE6.Signal=FMC_D15_DA15
PE7.GPIOParameters=PinAttribute
PE7.PinAttribute=Boot,ExtMemLoader
PE7.Signal=FMC_A4
PE8.GPIOParameters=PinAttribute
PE8.PinAttribute=Boot,ExtMemLoader
PE8.Signal=FMC_A12
PE9.GPIOParameters=PinAttribute
PE9.PinAttribute=Boot,ExtMemLoader
PE9.Signal=FMC_A14_BA0
PF0.GPIOParameters=PinAttribute
PF0.PinAttribute=Boot,ExtMemLoader
PF0.Signal=FMC_A8
PF1.GPIOParameters=PinAttribute
PF1.PinAttribute=Boot,ExtMemLoader
PF1.Signal=FMC_A9
PF12.GPIOParameters=GPIO_Speed,PinAttribute
PF12.GPIO_Speed=GPIO_SPEED_FREQ_HIGH
PF12.Locked=true
PF12.Mode=Full_Duplex_Master
PF12.PinAttribute=Boot
PF12.Signal=SPI5_MISO
PF13.ContextOwner=Boot
PF13.GPIOParameters=GPIO_Speed,PinState,PinAttribute
PF13.GPIO_Speed=GPIO_SPEED_FREQ_MEDIUM
PF13.Locked=true
PF13.PinAttribute=Boot,ExtMemLoader
PF13.PinState=GPIO_PIN_SET
PF13.Signal=GPIO_Output
PF14.GPIOParameters=GPIO_Speed,PinAttribute
PF14.GPIO_Speed=GPIO_SPEED_FREQ_HIGH
PF14.Locked=true
PF14.Mode=Full_Duplex_Master
PF14.PinAttribute=Boot
PF14.Signal=SPI5_MOSI
PF15.GPIOParameters=GPIO_Speed,PinAttribute
PF15.GPIO_Speed=GPIO_SPEED_FREQ_HIGH
PF15.Locked=true
PF15.Mode=Full_Duplex_Master
PF15.PinAttribute=Boot
PF15.Signal=SPI5_SCK
PF2.GPIOParameters=PinAttribute
PF2.PinAttribute=Boot,ExtMemLoader
PF2.Signal=FMC_A10
PF3.GPIOParameters=PinAttribute
PF3.PinAttribute=Boot,ExtMemLoader
PF3.Signal=FMC_A11
PG0.GPIOParameters=GPIO_Speed,PinAttribute
PG0.GPIO_Speed=GPIO_SPEED_FREQ_VERY_HIGH
PG0.Mode=RGB565
PG0.PinAttribute=Boot
PG0.Signal=LTDC_R7
PG1.GPIOParameters=GPIO_Speed,PinAttribute
PG1.GPIO_Speed=GPIO_SPEED_FREQ_VERY_HIGH
PG1.Mode=RGB565
PG1.PinAttribute=Boot
PG1.Signal=LTDC_R6
PG2.GPIOParameters=GPIO_Speed,PinAttribute
PG2.GPIO_Speed=GPIO_SPEED_FREQ_VERY_HIGH
PG2.Mode=RGB565
PG2.PinAttribute=Boot
PG2.Signal=LTDC_HSYNC
PN10.GPIOParameters=PinAttribute
PN10.PinAttribute=Boot,ExtMemLoader
PN10.Signal=FMC_D6_DA6
PN11.GPIOParameters=PinAttribute
PN11.PinAttribute=Boot,ExtMemLoader
PN11.Signal=FMC_D7_DA7
PN2.GPIOParameters=PinAttribute
PN2.Locked=true
PN2.PinAttribute=Boot,ExtMemLoader
PN2.Signal=FMC_D0_DA0
PN3.GPIOParameters=PinAttribute
PN3.Locked=true
PN3.PinAttribute=Boot,ExtMemLoader
PN3.Signal=FMC_D1_DA1
PN4.GPIOParameters=PinAttribute
PN4.Locked=true
PN4.PinAttribute=Boot,ExtMemLoader
PN4.Signal=FMC_D2_DA2
PN5.GPIOParameters=PinAttribute
PN5.Locked=true
PN5.PinAttribute=Boot,ExtMemLoader
PN5.Signal=FMC_D3_DA3
PN8.GPIOParameters=PinAttribute
PN8.Locked=true
PN8.PinAttribute=Boot,ExtMemLoader
PN8.Signal=FMC_D4_DA4
PN9.GPIOParameters=PinAttribute
PN9.PinAttribute=Boot,ExtMemLoader
PN9.Signal=FMC_D5_DA5
PinOutPanel.CurrentBGAView=Top
PinOutPanel.RotationAngle=0
ProjectManager.AskForMigrate=true
ProjectManager.BackupPrevious=false
ProjectManager.CompilerOptimize=6
ProjectManager.ComputerToolchain=false
ProjectManager.CoupleFile=true
ProjectManager.CustomerFirmwarePackage=
ProjectManager.DefaultFWLocation=true
ProjectManager.DeletePrevious=true
ProjectManager.DeviceId=STM32H7R7L8Hx
ProjectManager.FirmwarePackage=STM32Cube FW_H7RS V1.1.0
ProjectManager.FreePins=false
ProjectManager.HalAssertFull=false
ProjectManager.HeapSize=App-0x800,Boot-0x200,ExtMemLoader-0x200
ProjectManager.KeepUserCode=true
ProjectManager.LastFirmware=true
ProjectManager.LibraryCopy=1
ProjectManager.MainLocation=Core/Src
ProjectManager.NoMain=false
ProjectManager.PreviousToolchain=STM32CubeIDE
ProjectManager.ProjectBuild=false
ProjectManager.ProjectFileName=DshanMCU_H7R_Custom_Boot.ioc
ProjectManager.ProjectName=DshanMCU_H7R_Custom_Boot
ProjectManager.ProjectStructure=Boot\:Boot Project\:true;App\:Appli Project\:false;ExtMemLoader\:ExtMemLoader Project\:false;
ProjectManager.RegisterCallBack=
ProjectManager.StackSize=App-0x1000,Boot-0x400,ExtMemLoader-0x400
ProjectManager.TargetToolchain=STM32CubeIDE
ProjectManager.ToolChainLocation=
ProjectManager.UAScriptAfterPath=
ProjectManager.UAScriptBeforePath=
ProjectManager.UnderRoot=true
ProjectManager.functionlistsort=1-SystemClock_Config-RCC-false-HAL-false-Boot,2-MX_GPIO_Init-GPIO-false-HAL-true-Boot,3-MX_FMC_Init-FMC-false-HAL-true-Boot,4-MX_LTDC_Init-LTDC-false-HAL-true-Boot,5-MX_DMA2D_Init-DMA2D-false-HAL-true-Boot,6-MX_SPI5_Init-SPI5-false-HAL-true-Boot,7-MX_EXTMEM_MANAGER_Init-EXTMEM_MANAGER-false-HAL-false-Boot,1-SystemClock_Config-RCC-false-HAL-false-Appli,2-MX_GPIO_Init-GPIO-false-HAL-true-Appli,0-MX_CORTEX_M7_BOOT_Init-CORTEX_M7_BOOT-false-HAL-true-Boot,0-MX_CORTEX_M7_APPLI_Init-CORTEX_M7_APPLI-false-HAL-true-Appli,1-SystemClock_Config-RCC-false-HAL-false-ExtMemLoader,2-MX_GPIO_Init-GPIO-false-HAL-true-ExtMemLoader,3-MX_SDMMC1_SD_Init-SDMMC1-false-HAL-true-ExtMemLoader,4-MX_EXTMEM_LOADER_Init-EXTMEM_LOADER-false-HAL-false-ExtMemLoader,5-MX_FMC_Init-FMC-false-HAL-true-ExtMemLoader,6-MX_EXTMEM_MANAGER_Init-EXTMEM_MANAGER-false-HAL-false-ExtMemLoader
RCC.ADCFreq_Value=200000000
RCC.ADFFreq_Value=200000000
RCC.AHB1234Freq_Value=200000000
RCC.AHB5ClockFreq_Value=200000000
RCC.APB1Freq_Value=100000000
RCC.APB2Freq_Value=100000000
RCC.APB4Freq_Value=100000000
RCC.APB5Freq_Value=100000000
RCC.AXIClockFreq_Value=200000000
RCC.BMPRE=RCC_HCLK_DIV2
RCC.CECFreq_Value=32768
RCC.CKPERFreq_Value=64000000
RCC.CPREFreq_Value=400000000
RCC.CortexFreq_Value=400000000
RCC.CpuClockFreq_Value=400000000
RCC.DIVM1=4
RCC.DIVM3=4
RCC.DIVN1=25
RCC.DIVN2=200
RCC.DIVN3=28
RCC.DIVP1=1
RCC.DIVP1Freq_Value=400000000
RCC.DIVP2Freq_Value=200000000
RCC.DIVP3Freq_Value=225000000
RCC.DIVQ1Freq_Value=200000000
RCC.DIVQ2Freq_Value=200000000
RCC.DIVQ3Freq_Value=225000000
RCC.DIVR1Freq_Value=200000000
RCC.DIVR2Freq_Value=200000000
RCC.DIVR3=10
RCC.DIVR3Freq_Value=45000000
RCC.DIVS1Freq_Value=200000000
RCC.DIVS2Freq_Value=200000000
RCC.DIVS3Freq_Value=225000000
RCC.DIVT1Freq_Value=200000000
RCC.DIVT2Freq_Value=200000000
RCC.DIVT3Freq_Value=225000000
RCC.DTSFreq_Value=32768
RCC.ETH1Freq_Value=24000000
RCC.ETHPHYFreq_Value=24000000
RCC.FDCANFreq_Value=24000000
RCC.FMCFreq_Value=200000000
RCC.FamilyName=M
RCC.HCLKFreq_Value=200000000
RCC.I2C23Freq_Value=100000000
RCC.I2CI3C1Freq_Value=100000000
RCC.IPParameters=ADCFreq_Value,ADFFreq_Value,AHB1234Freq_Value,AHB5ClockFreq_Value,APB1Freq_Value,APB2Freq_Value,APB4Freq_Value,APB5Freq_Value,AXIClockFreq_Value,BMPRE,CECFreq_Value,CKPERFreq_Value,CPREFreq_Value,CortexFreq_Value,CpuClockFreq_Value,DIVM1,DIVM3,DIVN1,DIVN2,DIVN3,DIVP1,DIVP1Freq_Value,DIVP2Freq_Value,DIVP3Freq_Value,DIVQ1Freq_Value,DIVQ2Freq_Value,DIVQ3Freq_Value,DIVR1Freq_Value,DIVR2Freq_Value,DIVR3,DIVR3Freq_Value,DIVS1Freq_Value,DIVS2Freq_Value,DIVS3Freq_Value,DIVT1Freq_Value,DIVT2Freq_Value,DIVT3Freq_Value,DTSFreq_Value,ETH1Freq_Value,ETHPHYFreq_Value,FDCANFreq_Value,FMCFreq_Value,FamilyName,HCLKFreq_Value,I2C23Freq_Value,I2CI3C1Freq_Value,LPTIM1Freq_Value,LPTIM23Freq_Value,LPTIM45Freq_Value,LPUART1Freq_Value,LTDCFreq_Value,MCO1PinFreq_Value,MCO2PinFreq_Value,OSPI1Freq_Value,OSPI2Freq_Value,PLL2FRACN,PLL3FRACN,PLLFRACN,PPRE1,PPRE2,PPRE4,PPRE5,PSSIFreq_Value,RTCFreq_Value,SAI1Freq_Value,SAI2Freq_Value,SDMMCFreq_Value,SPDIFRXFreq_Value,SPI1Freq_Value,SPI23Freq_Value,SPI45Freq_Value,SPI6Freq_Value,SYSCLKFreq_VALUE,SYSCLKSource,TPIUFreq_Value,Tim1OutputFreq_Value,Tim2OutputFreq_Value,UCPDFreq_Value,USART1Freq_Value,USART234578Freq_Value,USBOFSFreq_Value,USBPHYFreq_Value,VCO1OutputFreq_Value,VCO2OutputFreq_Value,VCO3OutputFreq_Value,VCOInput1Freq_Value,VCOInput2Freq_Value,VCOInput3Freq_Value
RCC.LPTIM1Freq_Value=100000000
RCC.LPTIM23Freq_Value=100000000
RCC.LPTIM45Freq_Value=100000000
RCC.LPUART1Freq_Value=100000000
RCC.LTDCFreq_Value=45000000
RCC.MCO1PinFreq_Value=64000000
RCC.MCO2PinFreq_Value=400000000
RCC.OSPI1Freq_Value=200000000
RCC.OSPI2Freq_Value=200000000
RCC.PLL2FRACN=0
RCC.PLL3FRACN=1024
RCC.PLLFRACN=0
RCC.PPRE1=RCC_APB1_DIV2
RCC.PPRE2=RCC_APB2_DIV2
RCC.PPRE4=RCC_APB4_DIV2
RCC.PPRE5=RCC_APB5_DIV2
RCC.PSSIFreq_Value=45000000
RCC.RTCFreq_Value=32000
RCC.SAI1Freq_Value=200000000
RCC.SAI2Freq_Value=200000000
RCC.SDMMCFreq_Value=200000000
RCC.SPDIFRXFreq_Value=200000000
RCC.SPI1Freq_Value=200000000
RCC.SPI23Freq_Value=200000000
RCC.SPI45Freq_Value=100000000
RCC.SPI6Freq_Value=100000000
RCC.SYSCLKFreq_VALUE=400000000
RCC.SYSCLKSource=RCC_SYSCLKSOURCE_PLLCLK
RCC.TPIUFreq_Value=133333333.33333333
RCC.Tim1OutputFreq_Value=200000000
RCC.Tim2OutputFreq_Value=200000000
RCC.UCPDFreq_Value=16000000
RCC.USART1Freq_Value=100000000
RCC.USART234578Freq_Value=100000000
RCC.USBOFSFreq_Value=48000000
RCC.USBPHYFreq_Value=24000000
RCC.VCO1OutputFreq_Value=400000000
RCC.VCO2OutputFreq_Value=400000000
RCC.VCO3OutputFreq_Value=450000000
RCC.VCOInput1Freq_Value=16000000
RCC.VCOInput2Freq_Value=2000000
RCC.VCOInput3Freq_Value=16000000
SDMMC1.ClockDiv=0x02
SDMMC1.ClockEdge=SDMMC_CLOCK_EDGE_FALLING
SDMMC1.HardwareFlowControl=SDMMC_HARDWARE_FLOW_CONTROL_ENABLE
SDMMC1.IPParameters=ClockEdge,HardwareFlowControl,ClockDiv
SH.FMC_A0.0=FMC_A0,13b-sda1
SH.FMC_A0.ConfNb=1
SH.FMC_A1.0=FMC_A1,13b-sda1
SH.FMC_A1.ConfNb=1
SH.FMC_A10.0=FMC_A10,13b-sda1
SH.FMC_A10.ConfNb=1
SH.FMC_A11.0=FMC_A11,13b-sda1
SH.FMC_A11.ConfNb=1
SH.FMC_A12.0=FMC_A12,13b-sda1
SH.FMC_A12.ConfNb=1
SH.FMC_A14_BA0.0=FMC_BA0,FourSdramBanks1
SH.FMC_A14_BA0.ConfNb=1
SH.FMC_A15_BA1.0=FMC_BA1,FourSdramBanks1
SH.FMC_A15_BA1.ConfNb=1
SH.FMC_A2.0=FMC_A2,13b-sda1
SH.FMC_A2.ConfNb=1
SH.FMC_A3.0=FMC_A3,13b-sda1
SH.FMC_A3.ConfNb=1
SH.FMC_A4.0=FMC_A4,13b-sda1
SH.FMC_A4.ConfNb=1
SH.FMC_A5.0=FMC_A5,13b-sda1
SH.FMC_A5.ConfNb=1
SH.FMC_A6.0=FMC_A6,13b-sda1
SH.FMC_A6.ConfNb=1
SH.FMC_A7.0=FMC_A7,13b-sda1
SH.FMC_A7.ConfNb=1
SH.FMC_A8.0=FMC_A8,13b-sda1
SH.FMC_A8.ConfNb=1
SH.FMC_A9.0=FMC_A9,13b-sda1
SH.FMC_A9.ConfNb=1
SH.FMC_D0_DA0.0=FMC_D0,sd-16b-d1
SH.FMC_D0_DA0.ConfNb=1
SH.FMC_D10_DA10.0=FMC_D10,sd-16b-d1
SH.FMC_D10_DA10.ConfNb=1
SH.FMC_D11_DA11.0=FMC_D11,sd-16b-d1
SH.FMC_D11_DA11.ConfNb=1
SH.FMC_D12_DA12.0=FMC_D12,sd-16b-d1
SH.FMC_D12_DA12.ConfNb=1
SH.FMC_D13_DA13.0=FMC_D13,sd-16b-d1
SH.FMC_D13_DA13.ConfNb=1
SH.FMC_D14_DA14.0=FMC_D14,sd-16b-d1
SH.FMC_D14_DA14.ConfNb=1
SH.FMC_D15_DA15.0=FMC_D15,sd-16b-d1
SH.FMC_D15_DA15.ConfNb=1
SH.FMC_D1_DA1.0=FMC_D1,sd-16b-d1
SH.FMC_D1_DA1.ConfNb=1
SH.FMC_D2_DA2.0=FMC_D2,sd-16b-d1
SH.FMC_D2_DA2.ConfNb=1
SH.FMC_D3_DA3.0=FMC_D3,sd-16b-d1
SH.FMC_D3_DA3.ConfNb=1
SH.FMC_D4_DA4.0=FMC_D4,sd-16b-d1
SH.FMC_D4_DA4.ConfNb=1
SH.FMC_D5_DA5.0=FMC_D5,sd-16b-d1
SH.FMC_D5_DA5.ConfNb=1
SH.FMC_D6_DA6.0=FMC_D6,sd-16b-d1
SH.FMC_D6_DA6.ConfNb=1
SH.FMC_D7_DA7.0=FMC_D7,sd-16b-d1
SH.FMC_D7_DA7.ConfNb=1
SH.FMC_D8_DA8.0=FMC_D8,sd-16b-d1
SH.FMC_D8_DA8.ConfNb=1
SH.FMC_D9_DA9.0=FMC_D9,sd-16b-d1
SH.FMC_D9_DA9.ConfNb=1
SH.FMC_NBL0.0=FMC_NBL0,Sd2ByteEnable1
SH.FMC_NBL0.ConfNb=1
SH.FMC_NBL1.0=FMC_NBL1,Sd2ByteEnable1
SH.FMC_NBL1.ConfNb=1
SH.FMC_SDCLK.0=FMC_SDCLK,13b-sda1
SH.FMC_SDCLK.ConfNb=1
SH.FMC_SDNCAS.0=FMC_SDNCAS,13b-sda1
SH.FMC_SDNCAS.ConfNb=1
SH.FMC_SDNRAS.0=FMC_SDNRAS,13b-sda1
SH.FMC_SDNRAS.ConfNb=1
SH.FMC_SDNWE.0=FMC_SDNWE,13b-sda1
SH.FMC_SDNWE.ConfNb=1
SPI5.BaudRatePrescaler=SPI_BAUDRATEPRESCALER_8
SPI5.CalculateBaudRate=12.5 MBits/s
SPI5.DataSize=SPI_DATASIZE_8BIT
SPI5.Direction=SPI_DIRECTION_2LINES
SPI5.IPParameters=VirtualType,Mode,Direction,CalculateBaudRate,DataSize,BaudRatePrescaler
SPI5.Mode=SPI_MODE_MASTER
SPI5.VirtualType=VM_MASTER
VP_DMA2D_VS_DMA2D.Mode=DMA2D_Activate
VP_DMA2D_VS_DMA2D.Signal=DMA2D_VS_DMA2D
VP_EXTMEM_LOADER_SIG_Activate_EXTMEM_LOADER.Mode=Activate_EXTMEM_LOADER
VP_EXTMEM_LOADER_SIG_Activate_EXTMEM_LOADER.Signal=EXTMEM_LOADER_SIG_Activate_EXTMEM_LOADER
VP_EXTMEM_MANAGER_SIG_Activate_EXTMEM.Mode=Activate_EXTMEM
VP_EXTMEM_MANAGER_SIG_Activate_EXTMEM.Signal=EXTMEM_MANAGER_SIG_Activate_EXTMEM
VP_MEMORYMAP_VS_MEMORYMAP.Mode=CurAppReg
VP_MEMORYMAP_VS_MEMORYMAP.Signal=MEMORYMAP_VS_MEMORYMAP
board=custom
